
Microsoft Visual Studio Solution File, Format Version 11.00
# Visual Studio 2010
Project("{FAE04EC0-301F-11D3-BF4B-00C04F79EFBC}") = "SQL Procedures", "SQL Procedures\SQL Procedures.csproj", "{D51BFA91-BEFD-4C4B-ABF8-BEBAD0F733EA}"
EndProject
Project("{FAE04EC0-301F-11D3-BF4B-00C04F79EFBC}") = "PosModels", "PosModels\PosModels.csproj", "{494F36DC-815E-4099-B506-4CC1943C5153}"
EndProject
Project("{FAE04EC0-301F-11D3-BF4B-00C04F79EFBC}") = "TemposLibrary", "TemposLibrary\TemposLibrary.csproj", "{4570E486-EF25-4B69-9F09-2F134B66B5BA}"
EndProject
Project("{FAE04EC0-301F-11D3-BF4B-00C04F79EFBC}") = "TemposUpdateInstaller", "TemposUpdateInstaller\TemposUpdateInstaller.csproj", "{D3D47B23-C9DC-453A-8A78-7D42BAE29150}"
EndProject
Project("{FAE04EC0-301F-11D3-BF4B-00C04F79EFBC}") = "TemposUpdateServiceModels", "TemposUpdateServiceModels\TemposUpdateServiceModels.csproj", "{BB4F340F-6FB8-4039-8C1B-8A400CCBD5D1}"
EndProject
Project("{FAE04EC0-301F-11D3-BF4B-00C04F79EFBC}") = "PosControls", "PosControls\PosControls.csproj", "{48F4D322-514C-407C-8D13-0CBE5037463A}"
EndProject
Project("{FAE04EC0-301F-11D3-BF4B-00C04F79EFBC}") = "TemposClientAdministration", "TemposClientAdministration\TemposClientAdministration.csproj", "{7A483766-F286-4683-8957-09F9AE0E9A3E}"
EndProject
Project("{FAE04EC0-301F-11D3-BF4B-00C04F79EFBC}") = "QRCodeLib", "QRCodeLib\QRCodeLib.csproj", "{E98126B2-AF17-4783-96B9-856D6744DCA3}"
EndProject
Project("{FAE04EC0-301F-11D3-BF4B-00C04F79EFBC}") = "TaskManagerAccessService", "TaskManagerAccessService\TaskManagerAccessService.csproj", "{B3699BA5-5139-428A-AA7C-FDC0E164F278}"
EndProject
Project("{FAE04EC0-301F-11D3-BF4B-00C04F79EFBC}") = "TaskManagerAccessServiceUninstaller", "TaskManagerAccessServiceUninstaller\TaskManagerAccessServiceUninstaller.csproj", "{6E23DDCB-CD27-4911-A6E3-053012D7ED8D}"
EndProject
Project("{FAE04EC0-301F-11D3-BF4B-00C04F79EFBC}") = "TemposLanguageProcessor", "TemposLanguageProcessor\TemposLanguageProcessor.csproj", "{394FB49E-869E-46C9-A529-B6A3D90AEDF7}"
EndProject
Project("{FAE04EC0-301F-11D3-BF4B-00C04F79EFBC}") = "TemposWebApplication", "TemposWebApplication\TemposWebApplication.csproj", "{B4F17922-23C0-4921-8C58-12FEAE3F30A3}"
EndProject
Project("{FAE04EC0-301F-11D3-BF4B-00C04F79EFBC}") = "TemPOS", "TemPOS\TemPOS.csproj", "{2D36D1B9-14A0-4BAF-9577-7FDCFD6FA7A3}"
EndProject
Project("{2150E333-8FDC-42A3-9474-1A3956D46DE8}") = "Solution Items", "Solution Items", "{A4C35180-56FF-48EE-85C0-B1CD72E49F6D}"
	ProjectSection(SolutionItems) = preProject
		Tempos Quick Notes.txt = Tempos Quick Notes.txt
	EndProjectSection
EndProject
Project("{FAE04EC0-301F-11D3-BF4B-00C04F79EFBC}") = "TemPOS-Gtk", "..\mnt\Storage\Programming\TemPOS\TemPOS-Gtk\TemPOS-Gtk.csproj", "{2BB51B8C-9DE4-4A21-B47C-A6181B0B1E8F}"
EndProject
Project("{FAE04EC0-301F-11D3-BF4B-00C04F79EFBC}") = "TemposClientAdministration-Gtk", "..\mnt\Storage\Programming\TemPOS\TemposClientAdministration-Gtk\TemposClientAdministration-Gtk.csproj", "{6C1C70C3-0359-47EF-826C-ABD05CAEE484}"
EndProject
Project("{FAE04EC0-301F-11D3-BF4B-00C04F79EFBC}") = "AssemblyInfoUpdate", "AssemblyInfoUpdate\AssemblyInfoUpdate.csproj", "{CCCE5E35-ADB0-47DE-9B9E-6042B58AD591}"
EndProject
Global
	GlobalSection(SolutionConfigurationPlatforms) = preSolution
		Debug_Demo_Gtk|Any CPU = Debug_Demo_Gtk|Any CPU
		Debug_Demo_Gtk|Mixed Platforms = Debug_Demo_Gtk|Mixed Platforms
		Debug_Demo_Gtk|Win32 = Debug_Demo_Gtk|Win32
		Debug_Demo_Gtk|x86 = Debug_Demo_Gtk|x86
		Debug_Demo|Any CPU = Debug_Demo|Any CPU
		Debug_Demo|Mixed Platforms = Debug_Demo|Mixed Platforms
		Debug_Demo|Win32 = Debug_Demo|Win32
		Debug_Demo|x86 = Debug_Demo|x86
		Debug_Gtk|Any CPU = Debug_Gtk|Any CPU
		Debug_Gtk|Mixed Platforms = Debug_Gtk|Mixed Platforms
		Debug_Gtk|Win32 = Debug_Gtk|Win32
		Debug_Gtk|x86 = Debug_Gtk|x86
		Debug|Any CPU = Debug|Any CPU
		Debug|Mixed Platforms = Debug|Mixed Platforms
		Debug|Win32 = Debug|Win32
		Debug|x86 = Debug|x86
		Release - Client|Any CPU = Release - Client|Any CPU
		Release - Client|Mixed Platforms = Release - Client|Mixed Platforms
		Release - Client|Win32 = Release - Client|Win32
		Release - Client|x86 = Release - Client|x86
		Release_Demo|Any CPU = Release_Demo|Any CPU
		Release_Demo|Mixed Platforms = Release_Demo|Mixed Platforms
		Release_Demo|Win32 = Release_Demo|Win32
		Release_Demo|x86 = Release_Demo|x86
		Release|Any CPU = Release|Any CPU
		Release|Mixed Platforms = Release|Mixed Platforms
		Release|Win32 = Release|Win32
		Release|x86 = Release|x86
	EndGlobalSection
	GlobalSection(ProjectConfigurationPlatforms) = postSolution
		{2BB51B8C-9DE4-4A21-B47C-A6181B0B1E8F}.Debug_Demo_Gtk|Any CPU.ActiveCfg = Debug|Any CPU
		{2BB51B8C-9DE4-4A21-B47C-A6181B0B1E8F}.Debug_Demo_Gtk|Mixed Platforms.ActiveCfg = Debug|Any CPU
		{2BB51B8C-9DE4-4A21-B47C-A6181B0B1E8F}.Debug_Demo_Gtk|Win32.ActiveCfg = Debug|Any CPU
		{2BB51B8C-9DE4-4A21-B47C-A6181B0B1E8F}.Debug_Demo_Gtk|x86.ActiveCfg = Debug|Any CPU
		{2BB51B8C-9DE4-4A21-B47C-A6181B0B1E8F}.Debug_Demo|Any CPU.ActiveCfg = Debug|Any CPU
		{2BB51B8C-9DE4-4A21-B47C-A6181B0B1E8F}.Debug_Demo|Any CPU.Build.0 = Debug|Any CPU
		{2BB51B8C-9DE4-4A21-B47C-A6181B0B1E8F}.Debug_Demo|Mixed Platforms.ActiveCfg = Debug|Any CPU
		{2BB51B8C-9DE4-4A21-B47C-A6181B0B1E8F}.Debug_Demo|Mixed Platforms.Build.0 = Debug|Any CPU
		{2BB51B8C-9DE4-4A21-B47C-A6181B0B1E8F}.Debug_Demo|Win32.ActiveCfg = Debug|Any CPU
		{2BB51B8C-9DE4-4A21-B47C-A6181B0B1E8F}.Debug_Demo|Win32.Build.0 = Debug|Any CPU
		{2BB51B8C-9DE4-4A21-B47C-A6181B0B1E8F}.Debug_Demo|x86.ActiveCfg = Debug|Any CPU
		{2BB51B8C-9DE4-4A21-B47C-A6181B0B1E8F}.Debug_Demo|x86.Build.0 = Debug|Any CPU
		{2BB51B8C-9DE4-4A21-B47C-A6181B0B1E8F}.Debug_Gtk|Any CPU.ActiveCfg = Debug|Any CPU
		{2BB51B8C-9DE4-4A21-B47C-A6181B0B1E8F}.Debug_Gtk|Mixed Platforms.ActiveCfg = Debug|Any CPU
		{2BB51B8C-9DE4-4A21-B47C-A6181B0B1E8F}.Debug_Gtk|Win32.ActiveCfg = Debug|Any CPU
		{2BB51B8C-9DE4-4A21-B47C-A6181B0B1E8F}.Debug_Gtk|x86.ActiveCfg = Debug|Any CPU
		{2BB51B8C-9DE4-4A21-B47C-A6181B0B1E8F}.Debug|Any CPU.ActiveCfg = Debug|Any CPU
		{2BB51B8C-9DE4-4A21-B47C-A6181B0B1E8F}.Debug|Any CPU.Build.0 = Debug|Any CPU
		{2BB51B8C-9DE4-4A21-B47C-A6181B0B1E8F}.Debug|Mixed Platforms.ActiveCfg = Debug|Any CPU
		{2BB51B8C-9DE4-4A21-B47C-A6181B0B1E8F}.Debug|Mixed Platforms.Build.0 = Debug|Any CPU
		{2BB51B8C-9DE4-4A21-B47C-A6181B0B1E8F}.Debug|Win32.ActiveCfg = Debug|Any CPU
		{2BB51B8C-9DE4-4A21-B47C-A6181B0B1E8F}.Debug|Win32.Build.0 = Debug|Any CPU
		{2BB51B8C-9DE4-4A21-B47C-A6181B0B1E8F}.Debug|x86.ActiveCfg = Debug|Any CPU
		{2BB51B8C-9DE4-4A21-B47C-A6181B0B1E8F}.Debug|x86.Build.0 = Debug|Any CPU
		{2BB51B8C-9DE4-4A21-B47C-A6181B0B1E8F}.Release - Client|Any CPU.ActiveCfg = Release|Any CPU
		{2BB51B8C-9DE4-4A21-B47C-A6181B0B1E8F}.Release - Client|Any CPU.Build.0 = Release|Any CPU
		{2BB51B8C-9DE4-4A21-B47C-A6181B0B1E8F}.Release - Client|Mixed Platforms.ActiveCfg = Release|Any CPU
		{2BB51B8C-9DE4-4A21-B47C-A6181B0B1E8F}.Release - Client|Mixed Platforms.Build.0 = Release|Any CPU
		{2BB51B8C-9DE4-4A21-B47C-A6181B0B1E8F}.Release - Client|Win32.ActiveCfg = Release|Any CPU
		{2BB51B8C-9DE4-4A21-B47C-A6181B0B1E8F}.Release - Client|Win32.Build.0 = Release|Any CPU
		{2BB51B8C-9DE4-4A21-B47C-A6181B0B1E8F}.Release - Client|x86.ActiveCfg = Release|Any CPU
		{2BB51B8C-9DE4-4A21-B47C-A6181B0B1E8F}.Release - Client|x86.Build.0 = Release|Any CPU
		{2BB51B8C-9DE4-4A21-B47C-A6181B0B1E8F}.Release_Demo|Any CPU.ActiveCfg = Release|Any CPU
		{2BB51B8C-9DE4-4A21-B47C-A6181B0B1E8F}.Release_Demo|Any CPU.Build.0 = Release|Any CPU
		{2BB51B8C-9DE4-4A21-B47C-A6181B0B1E8F}.Release_Demo|Mixed Platforms.ActiveCfg = Release|Any CPU
		{2BB51B8C-9DE4-4A21-B47C-A6181B0B1E8F}.Release_Demo|Mixed Platforms.Build.0 = Release|Any CPU
		{2BB51B8C-9DE4-4A21-B47C-A6181B0B1E8F}.Release_Demo|Win32.ActiveCfg = Release|Any CPU
		{2BB51B8C-9DE4-4A21-B47C-A6181B0B1E8F}.Release_Demo|Win32.Build.0 = Release|Any CPU
		{2BB51B8C-9DE4-4A21-B47C-A6181B0B1E8F}.Release_Demo|x86.ActiveCfg = Release|Any CPU
		{2BB51B8C-9DE4-4A21-B47C-A6181B0B1E8F}.Release_Demo|x86.Build.0 = Release|Any CPU
		{2BB51B8C-9DE4-4A21-B47C-A6181B0B1E8F}.Release|Any CPU.ActiveCfg = Release|Any CPU
		{2BB51B8C-9DE4-4A21-B47C-A6181B0B1E8F}.Release|Any CPU.Build.0 = Release|Any CPU
		{2BB51B8C-9DE4-4A21-B47C-A6181B0B1E8F}.Release|Mixed Platforms.ActiveCfg = Release|Any CPU
		{2BB51B8C-9DE4-4A21-B47C-A6181B0B1E8F}.Release|Mixed Platforms.Build.0 = Release|Any CPU
		{2BB51B8C-9DE4-4A21-B47C-A6181B0B1E8F}.Release|Win32.ActiveCfg = Release|Any CPU
		{2BB51B8C-9DE4-4A21-B47C-A6181B0B1E8F}.Release|Win32.Build.0 = Release|Any CPU
		{2BB51B8C-9DE4-4A21-B47C-A6181B0B1E8F}.Release|x86.ActiveCfg = Release|Any CPU
		{2BB51B8C-9DE4-4A21-B47C-A6181B0B1E8F}.Release|x86.Build.0 = Release|Any CPU
		{2D36D1B9-14A0-4BAF-9577-7FDCFD6FA7A3}.Debug_Demo_Gtk|Any CPU.ActiveCfg = Debug_Demo_Gtk|x86
		{2D36D1B9-14A0-4BAF-9577-7FDCFD6FA7A3}.Debug_Demo_Gtk|Mixed Platforms.ActiveCfg = Debug_Demo_Gtk|x86
		{2D36D1B9-14A0-4BAF-9577-7FDCFD6FA7A3}.Debug_Demo_Gtk|Win32.ActiveCfg = Debug_Demo_Gtk|x86
		{2D36D1B9-14A0-4BAF-9577-7FDCFD6FA7A3}.Debug_Demo_Gtk|x86.ActiveCfg = Debug_Demo_Gtk|x86
		{2D36D1B9-14A0-4BAF-9577-7FDCFD6FA7A3}.Debug_Demo_Gtk|x86.Build.0 = Debug_Demo_Gtk|x86
		{2D36D1B9-14A0-4BAF-9577-7FDCFD6FA7A3}.Debug_Demo|Any CPU.ActiveCfg = Debug_Demo|x86
		{2D36D1B9-14A0-4BAF-9577-7FDCFD6FA7A3}.Debug_Demo|Mixed Platforms.ActiveCfg = Debug_Demo|x86
		{2D36D1B9-14A0-4BAF-9577-7FDCFD6FA7A3}.Debug_Demo|Mixed Platforms.Build.0 = Debug_Demo|x86
		{2D36D1B9-14A0-4BAF-9577-7FDCFD6FA7A3}.Debug_Demo|Win32.ActiveCfg = Debug_Demo|x86
		{2D36D1B9-14A0-4BAF-9577-7FDCFD6FA7A3}.Debug_Demo|x86.ActiveCfg = Debug_Demo|x86
		{2D36D1B9-14A0-4BAF-9577-7FDCFD6FA7A3}.Debug_Demo|x86.Build.0 = Debug_Demo|x86
		{2D36D1B9-14A0-4BAF-9577-7FDCFD6FA7A3}.Debug_Gtk|Any CPU.ActiveCfg = Debug-Gtk|x86
		{2D36D1B9-14A0-4BAF-9577-7FDCFD6FA7A3}.Debug_Gtk|Mixed Platforms.ActiveCfg = Debug-Gtk|x86
		{2D36D1B9-14A0-4BAF-9577-7FDCFD6FA7A3}.Debug_Gtk|Mixed Platforms.Build.0 = Debug-Gtk|x86
		{2D36D1B9-14A0-4BAF-9577-7FDCFD6FA7A3}.Debug_Gtk|Win32.ActiveCfg = Debug-Gtk|x86
		{2D36D1B9-14A0-4BAF-9577-7FDCFD6FA7A3}.Debug_Gtk|x86.ActiveCfg = Debug-Gtk|x86
		{2D36D1B9-14A0-4BAF-9577-7FDCFD6FA7A3}.Debug_Gtk|x86.Build.0 = Debug-Gtk|x86
		{2D36D1B9-14A0-4BAF-9577-7FDCFD6FA7A3}.Debug|Any CPU.ActiveCfg = Debug|x86
		{2D36D1B9-14A0-4BAF-9577-7FDCFD6FA7A3}.Debug|Mixed Platforms.ActiveCfg = Debug|x86
		{2D36D1B9-14A0-4BAF-9577-7FDCFD6FA7A3}.Debug|Mixed Platforms.Build.0 = Debug|x86
		{2D36D1B9-14A0-4BAF-9577-7FDCFD6FA7A3}.Debug|Win32.ActiveCfg = Debug|x86
		{2D36D1B9-14A0-4BAF-9577-7FDCFD6FA7A3}.Debug|x86.ActiveCfg = Debug|x86
		{2D36D1B9-14A0-4BAF-9577-7FDCFD6FA7A3}.Debug|x86.Build.0 = Debug|x86
		{2D36D1B9-14A0-4BAF-9577-7FDCFD6FA7A3}.Release - Client|Any CPU.ActiveCfg = Release - Client|x86
		{2D36D1B9-14A0-4BAF-9577-7FDCFD6FA7A3}.Release - Client|Mixed Platforms.ActiveCfg = Release - Client|x86
		{2D36D1B9-14A0-4BAF-9577-7FDCFD6FA7A3}.Release - Client|Mixed Platforms.Build.0 = Release - Client|x86
		{2D36D1B9-14A0-4BAF-9577-7FDCFD6FA7A3}.Release - Client|Win32.ActiveCfg = Release - Client|x86
		{2D36D1B9-14A0-4BAF-9577-7FDCFD6FA7A3}.Release - Client|x86.ActiveCfg = Release - Client|x86
		{2D36D1B9-14A0-4BAF-9577-7FDCFD6FA7A3}.Release - Client|x86.Build.0 = Release - Client|x86
		{2D36D1B9-14A0-4BAF-9577-7FDCFD6FA7A3}.Release_Demo|Any CPU.ActiveCfg = Release_Demo|x86
		{2D36D1B9-14A0-4BAF-9577-7FDCFD6FA7A3}.Release_Demo|Mixed Platforms.ActiveCfg = Release_Demo|x86
		{2D36D1B9-14A0-4BAF-9577-7FDCFD6FA7A3}.Release_Demo|Mixed Platforms.Build.0 = Release_Demo|x86
		{2D36D1B9-14A0-4BAF-9577-7FDCFD6FA7A3}.Release_Demo|Win32.ActiveCfg = Release_Demo|x86
		{2D36D1B9-14A0-4BAF-9577-7FDCFD6FA7A3}.Release_Demo|x86.ActiveCfg = Release_Demo|x86
		{2D36D1B9-14A0-4BAF-9577-7FDCFD6FA7A3}.Release_Demo|x86.Build.0 = Release_Demo|x86
		{2D36D1B9-14A0-4BAF-9577-7FDCFD6FA7A3}.Release|Any CPU.ActiveCfg = Release|x86
		{2D36D1B9-14A0-4BAF-9577-7FDCFD6FA7A3}.Release|Mixed Platforms.ActiveCfg = Release|x86
		{2D36D1B9-14A0-4BAF-9577-7FDCFD6FA7A3}.Release|Mixed Platforms.Build.0 = Release|x86
		{2D36D1B9-14A0-4BAF-9577-7FDCFD6FA7A3}.Release|Win32.ActiveCfg = Release|x86
		{2D36D1B9-14A0-4BAF-9577-7FDCFD6FA7A3}.Release|x86.ActiveCfg = Release|x86
		{2D36D1B9-14A0-4BAF-9577-7FDCFD6FA7A3}.Release|x86.Build.0 = Release|x86
		{394FB49E-869E-46C9-A529-B6A3D90AEDF7}.Debug_Demo_Gtk|Any CPU.ActiveCfg = Debug_Demo_Gtk|x86
		{394FB49E-869E-46C9-A529-B6A3D90AEDF7}.Debug_Demo_Gtk|Mixed Platforms.ActiveCfg = Debug_Demo_Gtk|x86
		{394FB49E-869E-46C9-A529-B6A3D90AEDF7}.Debug_Demo_Gtk|Mixed Platforms.Build.0 = Debug_Demo_Gtk|x86
		{394FB49E-869E-46C9-A529-B6A3D90AEDF7}.Debug_Demo_Gtk|Win32.ActiveCfg = Debug_Demo_Gtk|x86
		{394FB49E-869E-46C9-A529-B6A3D90AEDF7}.Debug_Demo_Gtk|x86.ActiveCfg = Debug_Demo_Gtk|x86
		{394FB49E-869E-46C9-A529-B6A3D90AEDF7}.Debug_Demo_Gtk|x86.Build.0 = Debug_Demo_Gtk|x86
		{394FB49E-869E-46C9-A529-B6A3D90AEDF7}.Debug_Demo|Any CPU.ActiveCfg = Debug|x86
		{394FB49E-869E-46C9-A529-B6A3D90AEDF7}.Debug_Demo|Mixed Platforms.ActiveCfg = Debug|x86
		{394FB49E-869E-46C9-A529-B6A3D90AEDF7}.Debug_Demo|Mixed Platforms.Build.0 = Debug|x86
		{394FB49E-869E-46C9-A529-B6A3D90AEDF7}.Debug_Demo|Win32.ActiveCfg = Debug|x86
		{394FB49E-869E-46C9-A529-B6A3D90AEDF7}.Debug_Demo|x86.ActiveCfg = Debug|x86
		{394FB49E-869E-46C9-A529-B6A3D90AEDF7}.Debug_Demo|x86.Build.0 = Debug|x86
		{394FB49E-869E-46C9-A529-B6A3D90AEDF7}.Debug_Gtk|Any CPU.ActiveCfg = Debug-Gtk|x86
		{394FB49E-869E-46C9-A529-B6A3D90AEDF7}.Debug_Gtk|Mixed Platforms.ActiveCfg = Debug-Gtk|x86
		{394FB49E-869E-46C9-A529-B6A3D90AEDF7}.Debug_Gtk|Mixed Platforms.Build.0 = Debug-Gtk|x86
		{394FB49E-869E-46C9-A529-B6A3D90AEDF7}.Debug_Gtk|Win32.ActiveCfg = Debug-Gtk|x86
		{394FB49E-869E-46C9-A529-B6A3D90AEDF7}.Debug_Gtk|x86.ActiveCfg = Debug-Gtk|x86
		{394FB49E-869E-46C9-A529-B6A3D90AEDF7}.Debug_Gtk|x86.Build.0 = Debug-Gtk|x86
		{394FB49E-869E-46C9-A529-B6A3D90AEDF7}.Debug|Any CPU.ActiveCfg = Debug|x86
		{394FB49E-869E-46C9-A529-B6A3D90AEDF7}.Debug|Mixed Platforms.ActiveCfg = Debug|x86
		{394FB49E-869E-46C9-A529-B6A3D90AEDF7}.Debug|Mixed Platforms.Build.0 = Debug|x86
		{394FB49E-869E-46C9-A529-B6A3D90AEDF7}.Debug|Win32.ActiveCfg = Debug|x86
		{394FB49E-869E-46C9-A529-B6A3D90AEDF7}.Debug|x86.ActiveCfg = Debug|x86
		{394FB49E-869E-46C9-A529-B6A3D90AEDF7}.Debug|x86.Build.0 = Debug|x86
		{394FB49E-869E-46C9-A529-B6A3D90AEDF7}.Release - Client|Any CPU.ActiveCfg = Release|x86
		{394FB49E-869E-46C9-A529-B6A3D90AEDF7}.Release - Client|Mixed Platforms.ActiveCfg = Release|x86
		{394FB49E-869E-46C9-A529-B6A3D90AEDF7}.Release - Client|Mixed Platforms.Build.0 = Release|x86
		{394FB49E-869E-46C9-A529-B6A3D90AEDF7}.Release - Client|Win32.ActiveCfg = Release|x86
		{394FB49E-869E-46C9-A529-B6A3D90AEDF7}.Release - Client|x86.ActiveCfg = Release|x86
		{394FB49E-869E-46C9-A529-B6A3D90AEDF7}.Release - Client|x86.Build.0 = Release|x86
		{394FB49E-869E-46C9-A529-B6A3D90AEDF7}.Release_Demo|Any CPU.ActiveCfg = Release|x86
		{394FB49E-869E-46C9-A529-B6A3D90AEDF7}.Release_Demo|Mixed Platforms.ActiveCfg = Release|x86
		{394FB49E-869E-46C9-A529-B6A3D90AEDF7}.Release_Demo|Mixed Platforms.Build.0 = Release|x86
		{394FB49E-869E-46C9-A529-B6A3D90AEDF7}.Release_Demo|Win32.ActiveCfg = Release|x86
		{394FB49E-869E-46C9-A529-B6A3D90AEDF7}.Release_Demo|x86.ActiveCfg = Release|x86
		{394FB49E-869E-46C9-A529-B6A3D90AEDF7}.Release_Demo|x86.Build.0 = Release|x86
		{394FB49E-869E-46C9-A529-B6A3D90AEDF7}.Release|Any CPU.ActiveCfg = Release|x86
		{394FB49E-869E-46C9-A529-B6A3D90AEDF7}.Release|Mixed Platforms.ActiveCfg = Release|x86
		{394FB49E-869E-46C9-A529-B6A3D90AEDF7}.Release|Mixed Platforms.Build.0 = Release|x86
		{394FB49E-869E-46C9-A529-B6A3D90AEDF7}.Release|Win32.ActiveCfg = Release|x86
		{394FB49E-869E-46C9-A529-B6A3D90AEDF7}.Release|x86.ActiveCfg = Release|x86
		{394FB49E-869E-46C9-A529-B6A3D90AEDF7}.Release|x86.Build.0 = Release|x86
		{4570E486-EF25-4B69-9F09-2F134B66B5BA}.Debug_Demo_Gtk|Any CPU.ActiveCfg = Debug_Demo_Gtk|Any CPU
		{4570E486-EF25-4B69-9F09-2F134B66B5BA}.Debug_Demo_Gtk|Any CPU.Build.0 = Debug_Demo_Gtk|Any CPU
		{4570E486-EF25-4B69-9F09-2F134B66B5BA}.Debug_Demo_Gtk|Mixed Platforms.ActiveCfg = Debug_Demo_Gtk|Any CPU
		{4570E486-EF25-4B69-9F09-2F134B66B5BA}.Debug_Demo_Gtk|Mixed Platforms.Build.0 = Debug_Demo_Gtk|Any CPU
		{4570E486-EF25-4B69-9F09-2F134B66B5BA}.Debug_Demo_Gtk|Win32.ActiveCfg = Debug_Demo_Gtk|Any CPU
		{4570E486-EF25-4B69-9F09-2F134B66B5BA}.Debug_Demo_Gtk|x86.ActiveCfg = Debug_Demo_Gtk|Any CPU
		{4570E486-EF25-4B69-9F09-2F134B66B5BA}.Debug_Demo|Any CPU.ActiveCfg = Debug_Demo|Any CPU
		{4570E486-EF25-4B69-9F09-2F134B66B5BA}.Debug_Demo|Any CPU.Build.0 = Debug_Demo|Any CPU
		{4570E486-EF25-4B69-9F09-2F134B66B5BA}.Debug_Demo|Mixed Platforms.ActiveCfg = Debug_Demo|Any CPU
		{4570E486-EF25-4B69-9F09-2F134B66B5BA}.Debug_Demo|Mixed Platforms.Build.0 = Debug_Demo|Any CPU
		{4570E486-EF25-4B69-9F09-2F134B66B5BA}.Debug_Demo|Win32.ActiveCfg = Debug_Demo|Any CPU
		{4570E486-EF25-4B69-9F09-2F134B66B5BA}.Debug_Demo|x86.ActiveCfg = Debug_Demo|Any CPU
		{4570E486-EF25-4B69-9F09-2F134B66B5BA}.Debug_Gtk|Any CPU.ActiveCfg = Debug-Gtk|Any CPU
		{4570E486-EF25-4B69-9F09-2F134B66B5BA}.Debug_Gtk|Any CPU.Build.0 = Debug-Gtk|Any CPU
		{4570E486-EF25-4B69-9F09-2F134B66B5BA}.Debug_Gtk|Mixed Platforms.ActiveCfg = Debug-Gtk|Any CPU
		{4570E486-EF25-4B69-9F09-2F134B66B5BA}.Debug_Gtk|Mixed Platforms.Build.0 = Debug-Gtk|Any CPU
		{4570E486-EF25-4B69-9F09-2F134B66B5BA}.Debug_Gtk|Win32.ActiveCfg = Debug-Gtk|Any CPU
		{4570E486-EF25-4B69-9F09-2F134B66B5BA}.Debug_Gtk|x86.ActiveCfg = Debug-Gtk|Any CPU
		{4570E486-EF25-4B69-9F09-2F134B66B5BA}.Debug|Any CPU.ActiveCfg = Debug|Any CPU
		{4570E486-EF25-4B69-9F09-2F134B66B5BA}.Debug|Any CPU.Build.0 = Debug|Any CPU
		{4570E486-EF25-4B69-9F09-2F134B66B5BA}.Debug|Mixed Platforms.ActiveCfg = Debug|Any CPU
		{4570E486-EF25-4B69-9F09-2F134B66B5BA}.Debug|Mixed Platforms.Build.0 = Debug|Any CPU
		{4570E486-EF25-4B69-9F09-2F134B66B5BA}.Debug|Win32.ActiveCfg = Debug|Any CPU
		{4570E486-EF25-4B69-9F09-2F134B66B5BA}.Debug|x86.ActiveCfg = Debug|Any CPU
		{4570E486-EF25-4B69-9F09-2F134B66B5BA}.Release - Client|Any CPU.ActiveCfg = Release - Client|Any CPU
		{4570E486-EF25-4B69-9F09-2F134B66B5BA}.Release - Client|Any CPU.Build.0 = Release - Client|Any CPU
		{4570E486-EF25-4B69-9F09-2F134B66B5BA}.Release - Client|Mixed Platforms.ActiveCfg = Release - Client|Any CPU
		{4570E486-EF25-4B69-9F09-2F134B66B5BA}.Release - Client|Mixed Platforms.Build.0 = Release - Client|Any CPU
		{4570E486-EF25-4B69-9F09-2F134B66B5BA}.Release - Client|Win32.ActiveCfg = Release - Client|Any CPU
		{4570E486-EF25-4B69-9F09-2F134B66B5BA}.Release - Client|x86.ActiveCfg = Release - Client|Any CPU
		{4570E486-EF25-4B69-9F09-2F134B66B5BA}.Release_Demo|Any CPU.ActiveCfg = Release_Demo|Any CPU
		{4570E486-EF25-4B69-9F09-2F134B66B5BA}.Release_Demo|Any CPU.Build.0 = Release_Demo|Any CPU
		{4570E486-EF25-4B69-9F09-2F134B66B5BA}.Release_Demo|Mixed Platforms.ActiveCfg = Release_Demo|Any CPU
		{4570E486-EF25-4B69-9F09-2F134B66B5BA}.Release_Demo|Mixed Platforms.Build.0 = Release_Demo|Any CPU
		{4570E486-EF25-4B69-9F09-2F134B66B5BA}.Release_Demo|Win32.ActiveCfg = Release_Demo|Any CPU
		{4570E486-EF25-4B69-9F09-2F134B66B5BA}.Release_Demo|x86.ActiveCfg = Release_Demo|Any CPU
		{4570E486-EF25-4B69-9F09-2F134B66B5BA}.Release|Any CPU.ActiveCfg = Release|Any CPU
		{4570E486-EF25-4B69-9F09-2F134B66B5BA}.Release|Any CPU.Build.0 = Release|Any CPU
		{4570E486-EF25-4B69-9F09-2F134B66B5BA}.Release|Mixed Platforms.ActiveCfg = Release|Any CPU
		{4570E486-EF25-4B69-9F09-2F134B66B5BA}.Release|Mixed Platforms.Build.0 = Release|Any CPU
		{4570E486-EF25-4B69-9F09-2F134B66B5BA}.Release|Win32.ActiveCfg = Release|Any CPU
		{4570E486-EF25-4B69-9F09-2F134B66B5BA}.Release|x86.ActiveCfg = Release|Any CPU
		{48F4D322-514C-407C-8D13-0CBE5037463A}.Debug_Demo_Gtk|Any CPU.ActiveCfg = Debug_Demo_Gtk|Any CPU
		{48F4D322-514C-407C-8D13-0CBE5037463A}.Debug_Demo_Gtk|Any CPU.Build.0 = Debug_Demo_Gtk|Any CPU
		{48F4D322-514C-407C-8D13-0CBE5037463A}.Debug_Demo_Gtk|Mixed Platforms.ActiveCfg = Debug_Demo_Gtk|Any CPU
		{48F4D322-514C-407C-8D13-0CBE5037463A}.Debug_Demo_Gtk|Mixed Platforms.Build.0 = Debug_Demo_Gtk|Any CPU
		{48F4D322-514C-407C-8D13-0CBE5037463A}.Debug_Demo_Gtk|Win32.ActiveCfg = Debug_Demo_Gtk|Any CPU
		{48F4D322-514C-407C-8D13-0CBE5037463A}.Debug_Demo_Gtk|x86.ActiveCfg = Debug_Demo_Gtk|Any CPU
		{48F4D322-514C-407C-8D13-0CBE5037463A}.Debug_Demo|Any CPU.ActiveCfg = Debug_Demo|Any CPU
		{48F4D322-514C-407C-8D13-0CBE5037463A}.Debug_Demo|Any CPU.Build.0 = Debug_Demo|Any CPU
		{48F4D322-514C-407C-8D13-0CBE5037463A}.Debug_Demo|Mixed Platforms.ActiveCfg = Debug_Demo|Any CPU
		{48F4D322-514C-407C-8D13-0CBE5037463A}.Debug_Demo|Mixed Platforms.Build.0 = Debug_Demo|Any CPU
		{48F4D322-514C-407C-8D13-0CBE5037463A}.Debug_Demo|Win32.ActiveCfg = Debug_Demo|Any CPU
		{48F4D322-514C-407C-8D13-0CBE5037463A}.Debug_Demo|x86.ActiveCfg = Debug_Demo|Any CPU
		{48F4D322-514C-407C-8D13-0CBE5037463A}.Debug_Gtk|Any CPU.ActiveCfg = Debug-Gtk|Any CPU
		{48F4D322-514C-407C-8D13-0CBE5037463A}.Debug_Gtk|Any CPU.Build.0 = Debug-Gtk|Any CPU
		{48F4D322-514C-407C-8D13-0CBE5037463A}.Debug_Gtk|Mixed Platforms.ActiveCfg = Debug-Gtk|Any CPU
		{48F4D322-514C-407C-8D13-0CBE5037463A}.Debug_Gtk|Mixed Platforms.Build.0 = Debug-Gtk|Any CPU
		{48F4D322-514C-407C-8D13-0CBE5037463A}.Debug_Gtk|Win32.ActiveCfg = Debug-Gtk|Any CPU
		{48F4D322-514C-407C-8D13-0CBE5037463A}.Debug_Gtk|x86.ActiveCfg = Debug-Gtk|Any CPU
		{48F4D322-514C-407C-8D13-0CBE5037463A}.Debug|Any CPU.ActiveCfg = Debug|Any CPU
		{48F4D322-514C-407C-8D13-0CBE5037463A}.Debug|Any CPU.Build.0 = Debug|Any CPU
		{48F4D322-514C-407C-8D13-0CBE5037463A}.Debug|Mixed Platforms.ActiveCfg = Debug|Any CPU
		{48F4D322-514C-407C-8D13-0CBE5037463A}.Debug|Mixed Platforms.Build.0 = Debug|Any CPU
		{48F4D322-514C-407C-8D13-0CBE5037463A}.Debug|Win32.ActiveCfg = Debug|Any CPU
		{48F4D322-514C-407C-8D13-0CBE5037463A}.Debug|x86.ActiveCfg = Debug|Any CPU
		{48F4D322-514C-407C-8D13-0CBE5037463A}.Release - Client|Any CPU.ActiveCfg = Release - Client|Any CPU
		{48F4D322-514C-407C-8D13-0CBE5037463A}.Release - Client|Any CPU.Build.0 = Release - Client|Any CPU
		{48F4D322-514C-407C-8D13-0CBE5037463A}.Release - Client|Mixed Platforms.ActiveCfg = Release - Client|Any CPU
		{48F4D322-514C-407C-8D13-0CBE5037463A}.Release - Client|Mixed Platforms.Build.0 = Release - Client|Any CPU
		{48F4D322-514C-407C-8D13-0CBE5037463A}.Release - Client|Win32.ActiveCfg = Release - Client|Any CPU
		{48F4D322-514C-407C-8D13-0CBE5037463A}.Release - Client|x86.ActiveCfg = Release - Client|Any CPU
		{48F4D322-514C-407C-8D13-0CBE5037463A}.Release_Demo|Any CPU.ActiveCfg = Release_Demo|Any CPU
		{48F4D322-514C-407C-8D13-0CBE5037463A}.Release_Demo|Any CPU.Build.0 = Release_Demo|Any CPU
		{48F4D322-514C-407C-8D13-0CBE5037463A}.Release_Demo|Mixed Platforms.ActiveCfg = Release_Demo|Any CPU
		{48F4D322-514C-407C-8D13-0CBE5037463A}.Release_Demo|Mixed Platforms.Build.0 = Release_Demo|Any CPU
		{48F4D322-514C-407C-8D13-0CBE5037463A}.Release_Demo|Win32.ActiveCfg = Release_Demo|Any CPU
		{48F4D322-514C-407C-8D13-0CBE5037463A}.Release_Demo|x86.ActiveCfg = Release_Demo|Any CPU
		{48F4D322-514C-407C-8D13-0CBE5037463A}.Release|Any CPU.ActiveCfg = Release|Any CPU
		{48F4D322-514C-407C-8D13-0CBE5037463A}.Release|Any CPU.Build.0 = Release|Any CPU
		{48F4D322-514C-407C-8D13-0CBE5037463A}.Release|Mixed Platforms.ActiveCfg = Release|Any CPU
		{48F4D322-514C-407C-8D13-0CBE5037463A}.Release|Mixed Platforms.Build.0 = Release|Any CPU
		{48F4D322-514C-407C-8D13-0CBE5037463A}.Release|Win32.ActiveCfg = Release|Any CPU
		{48F4D322-514C-407C-8D13-0CBE5037463A}.Release|x86.ActiveCfg = Release|Any CPU
		{494F36DC-815E-4099-B506-4CC1943C5153}.Debug_Demo_Gtk|Any CPU.ActiveCfg = Debug_Demo_Gtk|Any CPU
		{494F36DC-815E-4099-B506-4CC1943C5153}.Debug_Demo_Gtk|Any CPU.Build.0 = Debug_Demo_Gtk|Any CPU
		{494F36DC-815E-4099-B506-4CC1943C5153}.Debug_Demo_Gtk|Mixed Platforms.ActiveCfg = Debug_Demo_Gtk|Any CPU
		{494F36DC-815E-4099-B506-4CC1943C5153}.Debug_Demo_Gtk|Mixed Platforms.Build.0 = Debug_Demo_Gtk|Any CPU
		{494F36DC-815E-4099-B506-4CC1943C5153}.Debug_Demo_Gtk|Win32.ActiveCfg = Debug_Demo_Gtk|Any CPU
		{494F36DC-815E-4099-B506-4CC1943C5153}.Debug_Demo_Gtk|x86.ActiveCfg = Debug_Demo_Gtk|Any CPU
		{494F36DC-815E-4099-B506-4CC1943C5153}.Debug_Demo|Any CPU.ActiveCfg = Debug_Demo|Any CPU
		{494F36DC-815E-4099-B506-4CC1943C5153}.Debug_Demo|Any CPU.Build.0 = Debug_Demo|Any CPU
		{494F36DC-815E-4099-B506-4CC1943C5153}.Debug_Demo|Mixed Platforms.ActiveCfg = Debug_Demo|Any CPU
		{494F36DC-815E-4099-B506-4CC1943C5153}.Debug_Demo|Mixed Platforms.Build.0 = Debug_Demo|Any CPU
		{494F36DC-815E-4099-B506-4CC1943C5153}.Debug_Demo|Win32.ActiveCfg = Debug_Demo|Any CPU
		{494F36DC-815E-4099-B506-4CC1943C5153}.Debug_Demo|x86.ActiveCfg = Debug_Demo|Any CPU
		{494F36DC-815E-4099-B506-4CC1943C5153}.Debug_Gtk|Any CPU.ActiveCfg = Debug-Gtk|Any CPU
		{494F36DC-815E-4099-B506-4CC1943C5153}.Debug_Gtk|Any CPU.Build.0 = Debug-Gtk|Any CPU
		{494F36DC-815E-4099-B506-4CC1943C5153}.Debug_Gtk|Mixed Platforms.ActiveCfg = Debug-Gtk|Any CPU
		{494F36DC-815E-4099-B506-4CC1943C5153}.Debug_Gtk|Mixed Platforms.Build.0 = Debug-Gtk|Any CPU
		{494F36DC-815E-4099-B506-4CC1943C5153}.Debug_Gtk|Win32.ActiveCfg = Debug-Gtk|Any CPU
		{494F36DC-815E-4099-B506-4CC1943C5153}.Debug_Gtk|x86.ActiveCfg = Debug-Gtk|Any CPU
		{494F36DC-815E-4099-B506-4CC1943C5153}.Debug|Any CPU.ActiveCfg = Debug|Any CPU
		{494F36DC-815E-4099-B506-4CC1943C5153}.Debug|Any CPU.Build.0 = Debug|Any CPU
		{494F36DC-815E-4099-B506-4CC1943C5153}.Debug|Mixed Platforms.ActiveCfg = Debug|Any CPU
		{494F36DC-815E-4099-B506-4CC1943C5153}.Debug|Mixed Platforms.Build.0 = Debug|Any CPU
		{494F36DC-815E-4099-B506-4CC1943C5153}.Debug|Win32.ActiveCfg = Debug|Any CPU
		{494F36DC-815E-4099-B506-4CC1943C5153}.Debug|x86.ActiveCfg = Debug|Any CPU
		{494F36DC-815E-4099-B506-4CC1943C5153}.Release - Client|Any CPU.ActiveCfg = Release - Client|Any CPU
		{494F36DC-815E-4099-B506-4CC1943C5153}.Release - Client|Any CPU.Build.0 = Release - Client|Any CPU
		{494F36DC-815E-4099-B506-4CC1943C5153}.Release - Client|Mixed Platforms.ActiveCfg = Release - Client|Any CPU
		{494F36DC-815E-4099-B506-4CC1943C5153}.Release - Client|Mixed Platforms.Build.0 = Release - Client|Any CPU
		{494F36DC-815E-4099-B506-4CC1943C5153}.Release - Client|Win32.ActiveCfg = Release - Client|Any CPU
		{494F36DC-815E-4099-B506-4CC1943C5153}.Release - Client|x86.ActiveCfg = Release - Client|Any CPU
		{494F36DC-815E-4099-B506-4CC1943C5153}.Release_Demo|Any CPU.ActiveCfg = Release_Demo|Any CPU
		{494F36DC-815E-4099-B506-4CC1943C5153}.Release_Demo|Any CPU.Build.0 = Release_Demo|Any CPU
		{494F36DC-815E-4099-B506-4CC1943C5153}.Release_Demo|Mixed Platforms.ActiveCfg = Release_Demo|Any CPU
		{494F36DC-815E-4099-B506-4CC1943C5153}.Release_Demo|Mixed Platforms.Build.0 = Release_Demo|Any CPU
		{494F36DC-815E-4099-B506-4CC1943C5153}.Release_Demo|Win32.ActiveCfg = Release_Demo|Any CPU
		{494F36DC-815E-4099-B506-4CC1943C5153}.Release_Demo|x86.ActiveCfg = Release_Demo|Any CPU
		{494F36DC-815E-4099-B506-4CC1943C5153}.Release|Any CPU.ActiveCfg = Release|Any CPU
		{494F36DC-815E-4099-B506-4CC1943C5153}.Release|Any CPU.Build.0 = Release|Any CPU
		{494F36DC-815E-4099-B506-4CC1943C5153}.Release|Mixed Platforms.ActiveCfg = Release|Any CPU
		{494F36DC-815E-4099-B506-4CC1943C5153}.Release|Mixed Platforms.Build.0 = Release|Any CPU
		{494F36DC-815E-4099-B506-4CC1943C5153}.Release|Win32.ActiveCfg = Release|Any CPU
		{494F36DC-815E-4099-B506-4CC1943C5153}.Release|x86.ActiveCfg = Release|Any CPU
		{6C1C70C3-0359-47EF-826C-ABD05CAEE484}.Debug_Demo_Gtk|Any CPU.ActiveCfg = Debug|Any CPU
		{6C1C70C3-0359-47EF-826C-ABD05CAEE484}.Debug_Demo_Gtk|Mixed Platforms.ActiveCfg = Debug|Any CPU
		{6C1C70C3-0359-47EF-826C-ABD05CAEE484}.Debug_Demo_Gtk|Win32.ActiveCfg = Debug|Any CPU
		{6C1C70C3-0359-47EF-826C-ABD05CAEE484}.Debug_Demo_Gtk|x86.ActiveCfg = Debug|Any CPU
		{6C1C70C3-0359-47EF-826C-ABD05CAEE484}.Debug_Demo|Any CPU.ActiveCfg = Debug|Any CPU
		{6C1C70C3-0359-47EF-826C-ABD05CAEE484}.Debug_Demo|Any CPU.Build.0 = Debug|Any CPU
		{6C1C70C3-0359-47EF-826C-ABD05CAEE484}.Debug_Demo|Mixed Platforms.ActiveCfg = Debug|Any CPU
		{6C1C70C3-0359-47EF-826C-ABD05CAEE484}.Debug_Demo|Mixed Platforms.Build.0 = Debug|Any CPU
		{6C1C70C3-0359-47EF-826C-ABD05CAEE484}.Debug_Demo|Win32.ActiveCfg = Debug|Any CPU
		{6C1C70C3-0359-47EF-826C-ABD05CAEE484}.Debug_Demo|Win32.Build.0 = Debug|Any CPU
		{6C1C70C3-0359-47EF-826C-ABD05CAEE484}.Debug_Demo|x86.ActiveCfg = Debug|Any CPU
		{6C1C70C3-0359-47EF-826C-ABD05CAEE484}.Debug_Demo|x86.Build.0 = Debug|Any CPU
		{6C1C70C3-0359-47EF-826C-ABD05CAEE484}.Debug_Gtk|Any CPU.ActiveCfg = Debug|Any CPU
		{6C1C70C3-0359-47EF-826C-ABD05CAEE484}.Debug_Gtk|Mixed Platforms.ActiveCfg = Debug|Any CPU
		{6C1C70C3-0359-47EF-826C-ABD05CAEE484}.Debug_Gtk|Win32.ActiveCfg = Debug|Any CPU
		{6C1C70C3-0359-47EF-826C-ABD05CAEE484}.Debug_Gtk|x86.ActiveCfg = Debug|Any CPU
		{6C1C70C3-0359-47EF-826C-ABD05CAEE484}.Debug|Any CPU.ActiveCfg = Debug|Any CPU
		{6C1C70C3-0359-47EF-826C-ABD05CAEE484}.Debug|Any CPU.Build.0 = Debug|Any CPU
		{6C1C70C3-0359-47EF-826C-ABD05CAEE484}.Debug|Mixed Platforms.ActiveCfg = Debug|Any CPU
		{6C1C70C3-0359-47EF-826C-ABD05CAEE484}.Debug|Mixed Platforms.Build.0 = Debug|Any CPU
		{6C1C70C3-0359-47EF-826C-ABD05CAEE484}.Debug|Win32.ActiveCfg = Debug|Any CPU
		{6C1C70C3-0359-47EF-826C-ABD05CAEE484}.Debug|Win32.Build.0 = Debug|Any CPU
		{6C1C70C3-0359-47EF-826C-ABD05CAEE484}.Debug|x86.ActiveCfg = Debug|Any CPU
		{6C1C70C3-0359-47EF-826C-ABD05CAEE484}.Debug|x86.Build.0 = Debug|Any CPU
		{6C1C70C3-0359-47EF-826C-ABD05CAEE484}.Release - Client|Any CPU.ActiveCfg = Release|Any CPU
		{6C1C70C3-0359-47EF-826C-ABD05CAEE484}.Release - Client|Any CPU.Build.0 = Release|Any CPU
		{6C1C70C3-0359-47EF-826C-ABD05CAEE484}.Release - Client|Mixed Platforms.ActiveCfg = Release|Any CPU
		{6C1C70C3-0359-47EF-826C-ABD05CAEE484}.Release - Client|Mixed Platforms.Build.0 = Release|Any CPU
		{6C1C70C3-0359-47EF-826C-ABD05CAEE484}.Release - Client|Win32.ActiveCfg = Release|Any CPU
		{6C1C70C3-0359-47EF-826C-ABD05CAEE484}.Release - Client|Win32.Build.0 = Release|Any CPU
		{6C1C70C3-0359-47EF-826C-ABD05CAEE484}.Release - Client|x86.ActiveCfg = Release|Any CPU
		{6C1C70C3-0359-47EF-826C-ABD05CAEE484}.Release - Client|x86.Build.0 = Release|Any CPU
		{6C1C70C3-0359-47EF-826C-ABD05CAEE484}.Release_Demo|Any CPU.ActiveCfg = Release|Any CPU
		{6C1C70C3-0359-47EF-826C-ABD05CAEE484}.Release_Demo|Any CPU.Build.0 = Release|Any CPU
		{6C1C70C3-0359-47EF-826C-ABD05CAEE484}.Release_Demo|Mixed Platforms.ActiveCfg = Release|Any CPU
		{6C1C70C3-0359-47EF-826C-ABD05CAEE484}.Release_Demo|Mixed Platforms.Build.0 = Release|Any CPU
		{6C1C70C3-0359-47EF-826C-ABD05CAEE484}.Release_Demo|Win32.ActiveCfg = Release|Any CPU
		{6C1C70C3-0359-47EF-826C-ABD05CAEE484}.Release_Demo|Win32.Build.0 = Release|Any CPU
		{6C1C70C3-0359-47EF-826C-ABD05CAEE484}.Release_Demo|x86.ActiveCfg = Release|Any CPU
		{6C1C70C3-0359-47EF-826C-ABD05CAEE484}.Release_Demo|x86.Build.0 = Release|Any CPU
		{6C1C70C3-0359-47EF-826C-ABD05CAEE484}.Release|Any CPU.ActiveCfg = Release|Any CPU
		{6C1C70C3-0359-47EF-826C-ABD05CAEE484}.Release|Any CPU.Build.0 = Release|Any CPU
		{6C1C70C3-0359-47EF-826C-ABD05CAEE484}.Release|Mixed Platforms.ActiveCfg = Release|Any CPU
		{6C1C70C3-0359-47EF-826C-ABD05CAEE484}.Release|Mixed Platforms.Build.0 = Release|Any CPU
		{6C1C70C3-0359-47EF-826C-ABD05CAEE484}.Release|Win32.ActiveCfg = Release|Any CPU
		{6C1C70C3-0359-47EF-826C-ABD05CAEE484}.Release|Win32.Build.0 = Release|Any CPU
		{6C1C70C3-0359-47EF-826C-ABD05CAEE484}.Release|x86.ActiveCfg = Release|Any CPU
		{6C1C70C3-0359-47EF-826C-ABD05CAEE484}.Release|x86.Build.0 = Release|Any CPU
		{6E23DDCB-CD27-4911-A6E3-053012D7ED8D}.Debug_Demo_Gtk|Any CPU.ActiveCfg = Debug_Demo_Gtk|x86
		{6E23DDCB-CD27-4911-A6E3-053012D7ED8D}.Debug_Demo_Gtk|Mixed Platforms.ActiveCfg = Debug_Demo_Gtk|x86
		{6E23DDCB-CD27-4911-A6E3-053012D7ED8D}.Debug_Demo_Gtk|Mixed Platforms.Build.0 = Debug_Demo_Gtk|x86
		{6E23DDCB-CD27-4911-A6E3-053012D7ED8D}.Debug_Demo_Gtk|Win32.ActiveCfg = Debug_Demo_Gtk|x86
		{6E23DDCB-CD27-4911-A6E3-053012D7ED8D}.Debug_Demo_Gtk|x86.ActiveCfg = Debug_Demo_Gtk|x86
		{6E23DDCB-CD27-4911-A6E3-053012D7ED8D}.Debug_Demo_Gtk|x86.Build.0 = Debug_Demo_Gtk|x86
		{6E23DDCB-CD27-4911-A6E3-053012D7ED8D}.Debug_Demo|Any CPU.ActiveCfg = Debug|x86
		{6E23DDCB-CD27-4911-A6E3-053012D7ED8D}.Debug_Demo|Mixed Platforms.ActiveCfg = Debug|x86
		{6E23DDCB-CD27-4911-A6E3-053012D7ED8D}.Debug_Demo|Mixed Platforms.Build.0 = Debug|x86
		{6E23DDCB-CD27-4911-A6E3-053012D7ED8D}.Debug_Demo|Win32.ActiveCfg = Debug|x86
		{6E23DDCB-CD27-4911-A6E3-053012D7ED8D}.Debug_Demo|x86.ActiveCfg = Debug|x86
		{6E23DDCB-CD27-4911-A6E3-053012D7ED8D}.Debug_Demo|x86.Build.0 = Debug|x86
		{6E23DDCB-CD27-4911-A6E3-053012D7ED8D}.Debug_Gtk|Any CPU.ActiveCfg = Debug-Gtk|x86
		{6E23DDCB-CD27-4911-A6E3-053012D7ED8D}.Debug_Gtk|Mixed Platforms.ActiveCfg = Debug-Gtk|x86
		{6E23DDCB-CD27-4911-A6E3-053012D7ED8D}.Debug_Gtk|Mixed Platforms.Build.0 = Debug-Gtk|x86
		{6E23DDCB-CD27-4911-A6E3-053012D7ED8D}.Debug_Gtk|Win32.ActiveCfg = Debug-Gtk|x86
		{6E23DDCB-CD27-4911-A6E3-053012D7ED8D}.Debug_Gtk|x86.ActiveCfg = Debug-Gtk|x86
		{6E23DDCB-CD27-4911-A6E3-053012D7ED8D}.Debug_Gtk|x86.Build.0 = Debug-Gtk|x86
		{6E23DDCB-CD27-4911-A6E3-053012D7ED8D}.Debug|Any CPU.ActiveCfg = Debug|x86
		{6E23DDCB-CD27-4911-A6E3-053012D7ED8D}.Debug|Mixed Platforms.ActiveCfg = Debug|x86
		{6E23DDCB-CD27-4911-A6E3-053012D7ED8D}.Debug|Mixed Platforms.Build.0 = Debug|x86
		{6E23DDCB-CD27-4911-A6E3-053012D7ED8D}.Debug|Win32.ActiveCfg = Debug|x86
		{6E23DDCB-CD27-4911-A6E3-053012D7ED8D}.Debug|x86.ActiveCfg = Debug|x86
		{6E23DDCB-CD27-4911-A6E3-053012D7ED8D}.Debug|x86.Build.0 = Debug|x86
		{6E23DDCB-CD27-4911-A6E3-053012D7ED8D}.Release - Client|Any CPU.ActiveCfg = Release|x86
		{6E23DDCB-CD27-4911-A6E3-053012D7ED8D}.Release - Client|Mixed Platforms.ActiveCfg = Release|x86
		{6E23DDCB-CD27-4911-A6E3-053012D7ED8D}.Release - Client|Mixed Platforms.Build.0 = Release|x86
		{6E23DDCB-CD27-4911-A6E3-053012D7ED8D}.Release - Client|Win32.ActiveCfg = Release|x86
		{6E23DDCB-CD27-4911-A6E3-053012D7ED8D}.Release - Client|x86.ActiveCfg = Release|x86
		{6E23DDCB-CD27-4911-A6E3-053012D7ED8D}.Release - Client|x86.Build.0 = Release|x86
		{6E23DDCB-CD27-4911-A6E3-053012D7ED8D}.Release_Demo|Any CPU.ActiveCfg = Release|x86
		{6E23DDCB-CD27-4911-A6E3-053012D7ED8D}.Release_Demo|Mixed Platforms.ActiveCfg = Release|x86
		{6E23DDCB-CD27-4911-A6E3-053012D7ED8D}.Release_Demo|Mixed Platforms.Build.0 = Release|x86
		{6E23DDCB-CD27-4911-A6E3-053012D7ED8D}.Release_Demo|Win32.ActiveCfg = Release|x86
		{6E23DDCB-CD27-4911-A6E3-053012D7ED8D}.Release_Demo|x86.ActiveCfg = Release|x86
		{6E23DDCB-CD27-4911-A6E3-053012D7ED8D}.Release_Demo|x86.Build.0 = Release|x86
		{6E23DDCB-CD27-4911-A6E3-053012D7ED8D}.Release|Any CPU.ActiveCfg = Release|x86
		{6E23DDCB-CD27-4911-A6E3-053012D7ED8D}.Release|Mixed Platforms.ActiveCfg = Release|x86
		{6E23DDCB-CD27-4911-A6E3-053012D7ED8D}.Release|Mixed Platforms.Build.0 = Release|x86
		{6E23DDCB-CD27-4911-A6E3-053012D7ED8D}.Release|Win32.ActiveCfg = Release|x86
		{6E23DDCB-CD27-4911-A6E3-053012D7ED8D}.Release|x86.ActiveCfg = Release|x86
		{6E23DDCB-CD27-4911-A6E3-053012D7ED8D}.Release|x86.Build.0 = Release|x86
		{7A483766-F286-4683-8957-09F9AE0E9A3E}.Debug_Demo_Gtk|Any CPU.ActiveCfg = Debug_Demo_Gtk|x86
		{7A483766-F286-4683-8957-09F9AE0E9A3E}.Debug_Demo_Gtk|Mixed Platforms.ActiveCfg = Debug_Demo_Gtk|x86
		{7A483766-F286-4683-8957-09F9AE0E9A3E}.Debug_Demo_Gtk|Win32.ActiveCfg = Debug_Demo_Gtk|x86
		{7A483766-F286-4683-8957-09F9AE0E9A3E}.Debug_Demo_Gtk|x86.ActiveCfg = Debug_Demo_Gtk|x86
		{7A483766-F286-4683-8957-09F9AE0E9A3E}.Debug_Demo|Any CPU.ActiveCfg = Debug_Demo|x86
		{7A483766-F286-4683-8957-09F9AE0E9A3E}.Debug_Demo|Mixed Platforms.ActiveCfg = Debug_Demo|x86
		{7A483766-F286-4683-8957-09F9AE0E9A3E}.Debug_Demo|Win32.ActiveCfg = Debug_Demo|x86
		{7A483766-F286-4683-8957-09F9AE0E9A3E}.Debug_Demo|x86.ActiveCfg = Debug_Demo|x86
		{7A483766-F286-4683-8957-09F9AE0E9A3E}.Debug_Demo|x86.Build.0 = Debug_Demo|x86
		{7A483766-F286-4683-8957-09F9AE0E9A3E}.Debug_Gtk|Any CPU.ActiveCfg = Debug-Gtk|x86
		{7A483766-F286-4683-8957-09F9AE0E9A3E}.Debug_Gtk|Mixed Platforms.ActiveCfg = Debug-Gtk|x86
		{7A483766-F286-4683-8957-09F9AE0E9A3E}.Debug_Gtk|Mixed Platforms.Build.0 = Debug-Gtk|x86
		{7A483766-F286-4683-8957-09F9AE0E9A3E}.Debug_Gtk|Win32.ActiveCfg = Debug-Gtk|x86
		{7A483766-F286-4683-8957-09F9AE0E9A3E}.Debug_Gtk|x86.ActiveCfg = Debug-Gtk|x86
		{7A483766-F286-4683-8957-09F9AE0E9A3E}.Debug_Gtk|x86.Build.0 = Debug-Gtk|x86
		{7A483766-F286-4683-8957-09F9AE0E9A3E}.Debug|Any CPU.ActiveCfg = Debug|x86
		{7A483766-F286-4683-8957-09F9AE0E9A3E}.Debug|Any CPU.Build.0 = Debug|x86
		{7A483766-F286-4683-8957-09F9AE0E9A3E}.Debug|Mixed Platforms.ActiveCfg = Debug|x86
		{7A483766-F286-4683-8957-09F9AE0E9A3E}.Debug|Mixed Platforms.Build.0 = Debug|x86
		{7A483766-F286-4683-8957-09F9AE0E9A3E}.Debug|Win32.ActiveCfg = Debug|x86
		{7A483766-F286-4683-8957-09F9AE0E9A3E}.Debug|x86.ActiveCfg = Debug|x86
		{7A483766-F286-4683-8957-09F9AE0E9A3E}.Debug|x86.Build.0 = Debug|x86
		{7A483766-F286-4683-8957-09F9AE0E9A3E}.Release - Client|Any CPU.ActiveCfg = Release - Client|x86
		{7A483766-F286-4683-8957-09F9AE0E9A3E}.Release - Client|Mixed Platforms.ActiveCfg = Release - Client|x86
		{7A483766-F286-4683-8957-09F9AE0E9A3E}.Release - Client|Mixed Platforms.Build.0 = Release - Client|x86
		{7A483766-F286-4683-8957-09F9AE0E9A3E}.Release - Client|Win32.ActiveCfg = Release - Client|x86
		{7A483766-F286-4683-8957-09F9AE0E9A3E}.Release - Client|x86.ActiveCfg = Release - Client|x86
		{7A483766-F286-4683-8957-09F9AE0E9A3E}.Release - Client|x86.Build.0 = Release - Client|x86
		{7A483766-F286-4683-8957-09F9AE0E9A3E}.Release_Demo|Any CPU.ActiveCfg = Release_Demo|x86
		{7A483766-F286-4683-8957-09F9AE0E9A3E}.Release_Demo|Mixed Platforms.ActiveCfg = Release_Demo|x86
		{7A483766-F286-4683-8957-09F9AE0E9A3E}.Release_Demo|Win32.ActiveCfg = Release_Demo|x86
		{7A483766-F286-4683-8957-09F9AE0E9A3E}.Release_Demo|x86.ActiveCfg = Release_Demo|x86
		{7A483766-F286-4683-8957-09F9AE0E9A3E}.Release_Demo|x86.Build.0 = Release_Demo|x86
		{7A483766-F286-4683-8957-09F9AE0E9A3E}.Release|Any CPU.ActiveCfg = Release|x86
		{7A483766-F286-4683-8957-09F9AE0E9A3E}.Release|Any CPU.Build.0 = Release|x86
		{7A483766-F286-4683-8957-09F9AE0E9A3E}.Release|Mixed Platforms.ActiveCfg = Release|x86
		{7A483766-F286-4683-8957-09F9AE0E9A3E}.Release|Mixed Platforms.Build.0 = Release|x86
		{7A483766-F286-4683-8957-09F9AE0E9A3E}.Release|Win32.ActiveCfg = Release|x86
		{7A483766-F286-4683-8957-09F9AE0E9A3E}.Release|x86.ActiveCfg = Release|x86
		{7A483766-F286-4683-8957-09F9AE0E9A3E}.Release|x86.Build.0 = Release|x86
		{B3699BA5-5139-428A-AA7C-FDC0E164F278}.Debug_Demo_Gtk|Any CPU.ActiveCfg = Debug_Demo_Gtk|x86
		{B3699BA5-5139-428A-AA7C-FDC0E164F278}.Debug_Demo_Gtk|Mixed Platforms.ActiveCfg = Debug_Demo_Gtk|x86
		{B3699BA5-5139-428A-AA7C-FDC0E164F278}.Debug_Demo_Gtk|Mixed Platforms.Build.0 = Debug_Demo_Gtk|x86
		{B3699BA5-5139-428A-AA7C-FDC0E164F278}.Debug_Demo_Gtk|Win32.ActiveCfg = Debug_Demo_Gtk|x86
		{B3699BA5-5139-428A-AA7C-FDC0E164F278}.Debug_Demo_Gtk|x86.ActiveCfg = Debug_Demo_Gtk|x86
		{B3699BA5-5139-428A-AA7C-FDC0E164F278}.Debug_Demo_Gtk|x86.Build.0 = Debug_Demo_Gtk|x86
		{B3699BA5-5139-428A-AA7C-FDC0E164F278}.Debug_Demo|Any CPU.ActiveCfg = Debug|x86
		{B3699BA5-5139-428A-AA7C-FDC0E164F278}.Debug_Demo|Mixed Platforms.ActiveCfg = Debug|x86
		{B3699BA5-5139-428A-AA7C-FDC0E164F278}.Debug_Demo|Mixed Platforms.Build.0 = Debug|x86
		{B3699BA5-5139-428A-AA7C-FDC0E164F278}.Debug_Demo|Win32.ActiveCfg = Debug|x86
		{B3699BA5-5139-428A-AA7C-FDC0E164F278}.Debug_Demo|x86.ActiveCfg = Debug|x86
		{B3699BA5-5139-428A-AA7C-FDC0E164F278}.Debug_Demo|x86.Build.0 = Debug|x86
		{B3699BA5-5139-428A-AA7C-FDC0E164F278}.Debug_Gtk|Any CPU.ActiveCfg = Debug-Gtk|x86
		{B3699BA5-5139-428A-AA7C-FDC0E164F278}.Debug_Gtk|Mixed Platforms.ActiveCfg = Debug-Gtk|x86
		{B3699BA5-5139-428A-AA7C-FDC0E164F278}.Debug_Gtk|Mixed Platforms.Build.0 = Debug-Gtk|x86
		{B3699BA5-5139-428A-AA7C-FDC0E164F278}.Debug_Gtk|Win32.ActiveCfg = Debug-Gtk|x86
		{B3699BA5-5139-428A-AA7C-FDC0E164F278}.Debug_Gtk|x86.ActiveCfg = Debug-Gtk|x86
		{B3699BA5-5139-428A-AA7C-FDC0E164F278}.Debug_Gtk|x86.Build.0 = Debug-Gtk|x86
		{B3699BA5-5139-428A-AA7C-FDC0E164F278}.Debug|Any CPU.ActiveCfg = Debug|x86
		{B3699BA5-5139-428A-AA7C-FDC0E164F278}.Debug|Mixed Platforms.ActiveCfg = Debug|x86
		{B3699BA5-5139-428A-AA7C-FDC0E164F278}.Debug|Mixed Platforms.Build.0 = Debug|x86
		{B3699BA5-5139-428A-AA7C-FDC0E164F278}.Debug|Win32.ActiveCfg = Debug|x86
		{B3699BA5-5139-428A-AA7C-FDC0E164F278}.Debug|x86.ActiveCfg = Debug|x86
		{B3699BA5-5139-428A-AA7C-FDC0E164F278}.Debug|x86.Build.0 = Debug|x86
		{B3699BA5-5139-428A-AA7C-FDC0E164F278}.Release - Client|Any CPU.ActiveCfg = Release|x86
		{B3699BA5-5139-428A-AA7C-FDC0E164F278}.Release - Client|Mixed Platforms.ActiveCfg = Release|x86
		{B3699BA5-5139-428A-AA7C-FDC0E164F278}.Release - Client|Mixed Platforms.Build.0 = Release|x86
		{B3699BA5-5139-428A-AA7C-FDC0E164F278}.Release - Client|Win32.ActiveCfg = Release|x86
		{B3699BA5-5139-428A-AA7C-FDC0E164F278}.Release - Client|x86.ActiveCfg = Release|x86
		{B3699BA5-5139-428A-AA7C-FDC0E164F278}.Release - Client|x86.Build.0 = Release|x86
		{B3699BA5-5139-428A-AA7C-FDC0E164F278}.Release_Demo|Any CPU.ActiveCfg = Release|x86
		{B3699BA5-5139-428A-AA7C-FDC0E164F278}.Release_Demo|Mixed Platforms.ActiveCfg = Release|x86
		{B3699BA5-5139-428A-AA7C-FDC0E164F278}.Release_Demo|Mixed Platforms.Build.0 = Release|x86
		{B3699BA5-5139-428A-AA7C-FDC0E164F278}.Release_Demo|Win32.ActiveCfg = Release|x86
		{B3699BA5-5139-428A-AA7C-FDC0E164F278}.Release_Demo|x86.ActiveCfg = Release|x86
		{B3699BA5-5139-428A-AA7C-FDC0E164F278}.Release_Demo|x86.Build.0 = Release|x86
		{B3699BA5-5139-428A-AA7C-FDC0E164F278}.Release|Any CPU.ActiveCfg = Release|x86
		{B3699BA5-5139-428A-AA7C-FDC0E164F278}.Release|Mixed Platforms.ActiveCfg = Release|x86
		{B3699BA5-5139-428A-AA7C-FDC0E164F278}.Release|Mixed Platforms.Build.0 = Release|x86
		{B3699BA5-5139-428A-AA7C-FDC0E164F278}.Release|Win32.ActiveCfg = Release|x86
		{B3699BA5-5139-428A-AA7C-FDC0E164F278}.Release|x86.ActiveCfg = Release|x86
		{B3699BA5-5139-428A-AA7C-FDC0E164F278}.Release|x86.Build.0 = Release|x86
		{B4F17922-23C0-4921-8C58-12FEAE3F30A3}.Debug_Demo_Gtk|Any CPU.ActiveCfg = Debug|Any CPU
		{B4F17922-23C0-4921-8C58-12FEAE3F30A3}.Debug_Demo_Gtk|Mixed Platforms.ActiveCfg = Debug|Any CPU
		{B4F17922-23C0-4921-8C58-12FEAE3F30A3}.Debug_Demo_Gtk|Win32.ActiveCfg = Debug|Any CPU
		{B4F17922-23C0-4921-8C58-12FEAE3F30A3}.Debug_Demo_Gtk|x86.ActiveCfg = Debug|Any CPU
		{B4F17922-23C0-4921-8C58-12FEAE3F30A3}.Debug_Demo|Any CPU.ActiveCfg = Debug|Any CPU
		{B4F17922-23C0-4921-8C58-12FEAE3F30A3}.Debug_Demo|Any CPU.Build.0 = Debug|Any CPU
		{B4F17922-23C0-4921-8C58-12FEAE3F30A3}.Debug_Demo|Mixed Platforms.ActiveCfg = Debug|Any CPU
		{B4F17922-23C0-4921-8C58-12FEAE3F30A3}.Debug_Demo|Mixed Platforms.Build.0 = Debug|Any CPU
		{B4F17922-23C0-4921-8C58-12FEAE3F30A3}.Debug_Demo|Win32.ActiveCfg = Debug|Any CPU
		{B4F17922-23C0-4921-8C58-12FEAE3F30A3}.Debug_Demo|x86.ActiveCfg = Debug|Any CPU
		{B4F17922-23C0-4921-8C58-12FEAE3F30A3}.Debug_Gtk|Any CPU.ActiveCfg = Debug|Any CPU
		{B4F17922-23C0-4921-8C58-12FEAE3F30A3}.Debug_Gtk|Mixed Platforms.ActiveCfg = Debug|Any CPU
		{B4F17922-23C0-4921-8C58-12FEAE3F30A3}.Debug_Gtk|Win32.ActiveCfg = Debug|Any CPU
		{B4F17922-23C0-4921-8C58-12FEAE3F30A3}.Debug_Gtk|x86.ActiveCfg = Debug|Any CPU
		{B4F17922-23C0-4921-8C58-12FEAE3F30A3}.Debug|Any CPU.ActiveCfg = Debug|Any CPU
		{B4F17922-23C0-4921-8C58-12FEAE3F30A3}.Debug|Any CPU.Build.0 = Debug|Any CPU
		{B4F17922-23C0-4921-8C58-12FEAE3F30A3}.Debug|Mixed Platforms.ActiveCfg = Debug|Any CPU
		{B4F17922-23C0-4921-8C58-12FEAE3F30A3}.Debug|Mixed Platforms.Build.0 = Debug|Any CPU
		{B4F17922-23C0-4921-8C58-12FEAE3F30A3}.Debug|Win32.ActiveCfg = Debug|Any CPU
		{B4F17922-23C0-4921-8C58-12FEAE3F30A3}.Debug|x86.ActiveCfg = Debug|Any CPU
		{B4F17922-23C0-4921-8C58-12FEAE3F30A3}.Release - Client|Any CPU.ActiveCfg = Release|Any CPU
		{B4F17922-23C0-4921-8C58-12FEAE3F30A3}.Release - Client|Any CPU.Build.0 = Release|Any CPU
		{B4F17922-23C0-4921-8C58-12FEAE3F30A3}.Release - Client|Mixed Platforms.ActiveCfg = Release|Any CPU
		{B4F17922-23C0-4921-8C58-12FEAE3F30A3}.Release - Client|Mixed Platforms.Build.0 = Release|Any CPU
		{B4F17922-23C0-4921-8C58-12FEAE3F30A3}.Release - Client|Win32.ActiveCfg = Release|Any CPU
		{B4F17922-23C0-4921-8C58-12FEAE3F30A3}.Release - Client|x86.ActiveCfg = Release|Any CPU
		{B4F17922-23C0-4921-8C58-12FEAE3F30A3}.Release_Demo|Any CPU.ActiveCfg = Release|Any CPU
		{B4F17922-23C0-4921-8C58-12FEAE3F30A3}.Release_Demo|Any CPU.Build.0 = Release|Any CPU
		{B4F17922-23C0-4921-8C58-12FEAE3F30A3}.Release_Demo|Mixed Platforms.ActiveCfg = Release|Any CPU
		{B4F17922-23C0-4921-8C58-12FEAE3F30A3}.Release_Demo|Mixed Platforms.Build.0 = Release|Any CPU
		{B4F17922-23C0-4921-8C58-12FEAE3F30A3}.Release_Demo|Win32.ActiveCfg = Release|Any CPU
		{B4F17922-23C0-4921-8C58-12FEAE3F30A3}.Release_Demo|x86.ActiveCfg = Release|Any CPU
		{B4F17922-23C0-4921-8C58-12FEAE3F30A3}.Release|Any CPU.ActiveCfg = Release|Any CPU
		{B4F17922-23C0-4921-8C58-12FEAE3F30A3}.Release|Any CPU.Build.0 = Release|Any CPU
		{B4F17922-23C0-4921-8C58-12FEAE3F30A3}.Release|Mixed Platforms.ActiveCfg = Release|Any CPU
		{B4F17922-23C0-4921-8C58-12FEAE3F30A3}.Release|Mixed Platforms.Build.0 = Release|Any CPU
		{B4F17922-23C0-4921-8C58-12FEAE3F30A3}.Release|Win32.ActiveCfg = Release|Any CPU
		{B4F17922-23C0-4921-8C58-12FEAE3F30A3}.Release|x86.ActiveCfg = Release|Any CPU
		{BB4F340F-6FB8-4039-8C1B-8A400CCBD5D1}.Debug_Demo_Gtk|Any CPU.ActiveCfg = Debug_Demo_Gtk|Any CPU
		{BB4F340F-6FB8-4039-8C1B-8A400CCBD5D1}.Debug_Demo_Gtk|Mixed Platforms.ActiveCfg = Debug_Demo_Gtk|Any CPU
		{BB4F340F-6FB8-4039-8C1B-8A400CCBD5D1}.Debug_Demo_Gtk|Mixed Platforms.Build.0 = Debug_Demo_Gtk|Any CPU
		{BB4F340F-6FB8-4039-8C1B-8A400CCBD5D1}.Debug_Demo_Gtk|Win32.ActiveCfg = Debug_Demo_Gtk|Any CPU
		{BB4F340F-6FB8-4039-8C1B-8A400CCBD5D1}.Debug_Demo_Gtk|x86.ActiveCfg = Debug_Demo_Gtk|Any CPU
		{BB4F340F-6FB8-4039-8C1B-8A400CCBD5D1}.Debug_Demo|Any CPU.ActiveCfg = Debug_Demo|Any CPU
		{BB4F340F-6FB8-4039-8C1B-8A400CCBD5D1}.Debug_Demo|Any CPU.Build.0 = Debug_Demo|Any CPU
		{BB4F340F-6FB8-4039-8C1B-8A400CCBD5D1}.Debug_Demo|Mixed Platforms.ActiveCfg = Debug_Demo|Any CPU
		{BB4F340F-6FB8-4039-8C1B-8A400CCBD5D1}.Debug_Demo|Win32.ActiveCfg = Debug_Demo|Any CPU
		{BB4F340F-6FB8-4039-8C1B-8A400CCBD5D1}.Debug_Demo|x86.ActiveCfg = Debug_Demo|Any CPU
		{BB4F340F-6FB8-4039-8C1B-8A400CCBD5D1}.Debug_Gtk|Any CPU.ActiveCfg = Debug-Gtk|Any CPU
		{BB4F340F-6FB8-4039-8C1B-8A400CCBD5D1}.Debug_Gtk|Mixed Platforms.ActiveCfg = Debug-Gtk|Any CPU
		{BB4F340F-6FB8-4039-8C1B-8A400CCBD5D1}.Debug_Gtk|Mixed Platforms.Build.0 = Debug-Gtk|Any CPU
		{BB4F340F-6FB8-4039-8C1B-8A400CCBD5D1}.Debug_Gtk|Win32.ActiveCfg = Debug-Gtk|Any CPU
		{BB4F340F-6FB8-4039-8C1B-8A400CCBD5D1}.Debug_Gtk|x86.ActiveCfg = Debug-Gtk|Any CPU
		{BB4F340F-6FB8-4039-8C1B-8A400CCBD5D1}.Debug|Any CPU.ActiveCfg = Debug|Any CPU
		{BB4F340F-6FB8-4039-8C1B-8A400CCBD5D1}.Debug|Any CPU.Build.0 = Debug|Any CPU
		{BB4F340F-6FB8-4039-8C1B-8A400CCBD5D1}.Debug|Mixed Platforms.ActiveCfg = Debug|Any CPU
		{BB4F340F-6FB8-4039-8C1B-8A400CCBD5D1}.Debug|Mixed Platforms.Build.0 = Debug|Any CPU
		{BB4F340F-6FB8-4039-8C1B-8A400CCBD5D1}.Debug|Win32.ActiveCfg = Debug|Any CPU
		{BB4F340F-6FB8-4039-8C1B-8A400CCBD5D1}.Debug|x86.ActiveCfg = Debug|Any CPU
		{BB4F340F-6FB8-4039-8C1B-8A400CCBD5D1}.Release - Client|Any CPU.ActiveCfg = Release - Client|Any CPU
		{BB4F340F-6FB8-4039-8C1B-8A400CCBD5D1}.Release - Client|Any CPU.Build.0 = Release - Client|Any CPU
		{BB4F340F-6FB8-4039-8C1B-8A400CCBD5D1}.Release - Client|Mixed Platforms.ActiveCfg = Release - Client|Any CPU
		{BB4F340F-6FB8-4039-8C1B-8A400CCBD5D1}.Release - Client|Mixed Platforms.Build.0 = Release - Client|Any CPU
		{BB4F340F-6FB8-4039-8C1B-8A400CCBD5D1}.Release - Client|Win32.ActiveCfg = Release - Client|Any CPU
		{BB4F340F-6FB8-4039-8C1B-8A400CCBD5D1}.Release - Client|x86.ActiveCfg = Release - Client|Any CPU
		{BB4F340F-6FB8-4039-8C1B-8A400CCBD5D1}.Release_Demo|Any CPU.ActiveCfg = Release_Demo|Any CPU
		{BB4F340F-6FB8-4039-8C1B-8A400CCBD5D1}.Release_Demo|Any CPU.Build.0 = Release_Demo|Any CPU
		{BB4F340F-6FB8-4039-8C1B-8A400CCBD5D1}.Release_Demo|Mixed Platforms.ActiveCfg = Release_Demo|Any CPU
		{BB4F340F-6FB8-4039-8C1B-8A400CCBD5D1}.Release_Demo|Win32.ActiveCfg = Release_Demo|Any CPU
		{BB4F340F-6FB8-4039-8C1B-8A400CCBD5D1}.Release_Demo|x86.ActiveCfg = Release_Demo|Any CPU
		{BB4F340F-6FB8-4039-8C1B-8A400CCBD5D1}.Release|Any CPU.ActiveCfg = Release|Any CPU
		{BB4F340F-6FB8-4039-8C1B-8A400CCBD5D1}.Release|Any CPU.Build.0 = Release|Any CPU
		{BB4F340F-6FB8-4039-8C1B-8A400CCBD5D1}.Release|Mixed Platforms.ActiveCfg = Release|Any CPU
		{BB4F340F-6FB8-4039-8C1B-8A400CCBD5D1}.Release|Mixed Platforms.Build.0 = Release|Any CPU
		{BB4F340F-6FB8-4039-8C1B-8A400CCBD5D1}.Release|Win32.ActiveCfg = Release|Any CPU
		{BB4F340F-6FB8-4039-8C1B-8A400CCBD5D1}.Release|x86.ActiveCfg = Release|Any CPU
		{CCCE5E35-ADB0-47DE-9B9E-6042B58AD591}.Debug_Demo_Gtk|Any CPU.ActiveCfg = Debug|x86
		{CCCE5E35-ADB0-47DE-9B9E-6042B58AD591}.Debug_Demo_Gtk|Mixed Platforms.ActiveCfg = Debug|x86
		{CCCE5E35-ADB0-47DE-9B9E-6042B58AD591}.Debug_Demo_Gtk|Mixed Platforms.Build.0 = Debug|x86
		{CCCE5E35-ADB0-47DE-9B9E-6042B58AD591}.Debug_Demo_Gtk|Win32.ActiveCfg = Debug|x86
		{CCCE5E35-ADB0-47DE-9B9E-6042B58AD591}.Debug_Demo_Gtk|x86.ActiveCfg = Debug|x86
		{CCCE5E35-ADB0-47DE-9B9E-6042B58AD591}.Debug_Demo_Gtk|x86.Build.0 = Debug|x86
		{CCCE5E35-ADB0-47DE-9B9E-6042B58AD591}.Debug_Demo|Any CPU.ActiveCfg = Debug|x86
		{CCCE5E35-ADB0-47DE-9B9E-6042B58AD591}.Debug_Demo|Mixed Platforms.ActiveCfg = Debug|x86
		{CCCE5E35-ADB0-47DE-9B9E-6042B58AD591}.Debug_Demo|Mixed Platforms.Build.0 = Debug|x86
		{CCCE5E35-ADB0-47DE-9B9E-6042B58AD591}.Debug_Demo|Win32.ActiveCfg = Debug|x86
		{CCCE5E35-ADB0-47DE-9B9E-6042B58AD591}.Debug_Demo|x86.ActiveCfg = Debug|x86
		{CCCE5E35-ADB0-47DE-9B9E-6042B58AD591}.Debug_Demo|x86.Build.0 = Debug|x86
		{CCCE5E35-ADB0-47DE-9B9E-6042B58AD591}.Debug_Gtk|Any CPU.ActiveCfg = Debug|x86
		{CCCE5E35-ADB0-47DE-9B9E-6042B58AD591}.Debug_Gtk|Mixed Platforms.ActiveCfg = Debug|x86
		{CCCE5E35-ADB0-47DE-9B9E-6042B58AD591}.Debug_Gtk|Mixed Platforms.Build.0 = Debug|x86
		{CCCE5E35-ADB0-47DE-9B9E-6042B58AD591}.Debug_Gtk|Win32.ActiveCfg = Debug|x86
		{CCCE5E35-ADB0-47DE-9B9E-6042B58AD591}.Debug_Gtk|x86.ActiveCfg = Debug|x86
		{CCCE5E35-ADB0-47DE-9B9E-6042B58AD591}.Debug_Gtk|x86.Build.0 = Debug|x86
		{CCCE5E35-ADB0-47DE-9B9E-6042B58AD591}.Debug|Any CPU.ActiveCfg = Debug|x86
		{CCCE5E35-ADB0-47DE-9B9E-6042B58AD591}.Debug|Mixed Platforms.ActiveCfg = Debug|x86
		{CCCE5E35-ADB0-47DE-9B9E-6042B58AD591}.Debug|Mixed Platforms.Build.0 = Debug|x86
		{CCCE5E35-ADB0-47DE-9B9E-6042B58AD591}.Debug|Win32.ActiveCfg = Debug|x86
		{CCCE5E35-ADB0-47DE-9B9E-6042B58AD591}.Debug|x86.ActiveCfg = Debug|x86
		{CCCE5E35-ADB0-47DE-9B9E-6042B58AD591}.Debug|x86.Build.0 = Debug|x86
		{CCCE5E35-ADB0-47DE-9B9E-6042B58AD591}.Release - Client|Any CPU.ActiveCfg = Release|x86
		{CCCE5E35-ADB0-47DE-9B9E-6042B58AD591}.Release - Client|Mixed Platforms.ActiveCfg = Release|x86
		{CCCE5E35-ADB0-47DE-9B9E-6042B58AD591}.Release - Client|Mixed Platforms.Build.0 = Release|x86
		{CCCE5E35-ADB0-47DE-9B9E-6042B58AD591}.Release - Client|Win32.ActiveCfg = Release|x86
		{CCCE5E35-ADB0-47DE-9B9E-6042B58AD591}.Release - Client|x86.ActiveCfg = Release|x86
		{CCCE5E35-ADB0-47DE-9B9E-6042B58AD591}.Release - Client|x86.Build.0 = Release|x86
		{CCCE5E35-ADB0-47DE-9B9E-6042B58AD591}.Release_Demo|Any CPU.ActiveCfg = Release|x86
		{CCCE5E35-ADB0-47DE-9B9E-6042B58AD591}.Release_Demo|Mixed Platforms.ActiveCfg = Release|x86
		{CCCE5E35-ADB0-47DE-9B9E-6042B58AD591}.Release_Demo|Mixed Platforms.Build.0 = Release|x86
		{CCCE5E35-ADB0-47DE-9B9E-6042B58AD591}.Release_Demo|Win32.ActiveCfg = Release|x86
		{CCCE5E35-ADB0-47DE-9B9E-6042B58AD591}.Release_Demo|x86.ActiveCfg = Release|x86
		{CCCE5E35-ADB0-47DE-9B9E-6042B58AD591}.Release_Demo|x86.Build.0 = Release|x86
		{CCCE5E35-ADB0-47DE-9B9E-6042B58AD591}.Release|Any CPU.ActiveCfg = Release|x86
		{CCCE5E35-ADB0-47DE-9B9E-6042B58AD591}.Release|Mixed Platforms.ActiveCfg = Release|x86
		{CCCE5E35-ADB0-47DE-9B9E-6042B58AD591}.Release|Mixed Platforms.Build.0 = Release|x86
		{CCCE5E35-ADB0-47DE-9B9E-6042B58AD591}.Release|Win32.ActiveCfg = Release|x86
		{CCCE5E35-ADB0-47DE-9B9E-6042B58AD591}.Release|x86.ActiveCfg = Release|x86
		{CCCE5E35-ADB0-47DE-9B9E-6042B58AD591}.Release|x86.Build.0 = Release|x86
		{D3D47B23-C9DC-453A-8A78-7D42BAE29150}.Debug_Demo_Gtk|Any CPU.ActiveCfg = Debug_Demo_Gtk|x86
		{D3D47B23-C9DC-453A-8A78-7D42BAE29150}.Debug_Demo_Gtk|Mixed Platforms.ActiveCfg = Debug_Demo_Gtk|x86
		{D3D47B23-C9DC-453A-8A78-7D42BAE29150}.Debug_Demo_Gtk|Mixed Platforms.Build.0 = Debug_Demo_Gtk|x86
		{D3D47B23-C9DC-453A-8A78-7D42BAE29150}.Debug_Demo_Gtk|Win32.ActiveCfg = Debug_Demo_Gtk|x86
		{D3D47B23-C9DC-453A-8A78-7D42BAE29150}.Debug_Demo_Gtk|x86.ActiveCfg = Debug_Demo_Gtk|x86
		{D3D47B23-C9DC-453A-8A78-7D42BAE29150}.Debug_Demo_Gtk|x86.Build.0 = Debug_Demo_Gtk|x86
		{D3D47B23-C9DC-453A-8A78-7D42BAE29150}.Debug_Demo|Any CPU.ActiveCfg = Debug_Demo|x86
		{D3D47B23-C9DC-453A-8A78-7D42BAE29150}.Debug_Demo|Mixed Platforms.ActiveCfg = Debug_Demo|x86
		{D3D47B23-C9DC-453A-8A78-7D42BAE29150}.Debug_Demo|Mixed Platforms.Build.0 = Debug_Demo|x86
		{D3D47B23-C9DC-453A-8A78-7D42BAE29150}.Debug_Demo|Win32.ActiveCfg = Debug_Demo|x86
		{D3D47B23-C9DC-453A-8A78-7D42BAE29150}.Debug_Demo|x86.ActiveCfg = Debug_Demo|x86
		{D3D47B23-C9DC-453A-8A78-7D42BAE29150}.Debug_Demo|x86.Build.0 = Debug_Demo|x86
		{D3D47B23-C9DC-453A-8A78-7D42BAE29150}.Debug_Gtk|Any CPU.ActiveCfg = Debug-Gtk|x86
		{D3D47B23-C9DC-453A-8A78-7D42BAE29150}.Debug_Gtk|Mixed Platforms.ActiveCfg = Debug-Gtk|x86
		{D3D47B23-C9DC-453A-8A78-7D42BAE29150}.Debug_Gtk|Mixed Platforms.Build.0 = Debug-Gtk|x86
		{D3D47B23-C9DC-453A-8A78-7D42BAE29150}.Debug_Gtk|Win32.ActiveCfg = Debug-Gtk|x86
		{D3D47B23-C9DC-453A-8A78-7D42BAE29150}.Debug_Gtk|x86.ActiveCfg = Debug-Gtk|x86
		{D3D47B23-C9DC-453A-8A78-7D42BAE29150}.Debug_Gtk|x86.Build.0 = Debug-Gtk|x86
		{D3D47B23-C9DC-453A-8A78-7D42BAE29150}.Debug|Any CPU.ActiveCfg = Debug|x86
		{D3D47B23-C9DC-453A-8A78-7D42BAE29150}.Debug|Any CPU.Build.0 = Debug|x86
		{D3D47B23-C9DC-453A-8A78-7D42BAE29150}.Debug|Mixed Platforms.ActiveCfg = Debug|x86
		{D3D47B23-C9DC-453A-8A78-7D42BAE29150}.Debug|Mixed Platforms.Build.0 = Debug|x86
		{D3D47B23-C9DC-453A-8A78-7D42BAE29150}.Debug|Win32.ActiveCfg = Debug|x86
		{D3D47B23-C9DC-453A-8A78-7D42BAE29150}.Debug|x86.ActiveCfg = Debug|x86
		{D3D47B23-C9DC-453A-8A78-7D42BAE29150}.Debug|x86.Build.0 = Debug|x86
		{D3D47B23-C9DC-453A-8A78-7D42BAE29150}.Release - Client|Any CPU.ActiveCfg = Release - Client|x86
		{D3D47B23-C9DC-453A-8A78-7D42BAE29150}.Release - Client|Mixed Platforms.ActiveCfg = Release - Client|x86
		{D3D47B23-C9DC-453A-8A78-7D42BAE29150}.Release - Client|Mixed Platforms.Build.0 = Release - Client|x86
		{D3D47B23-C9DC-453A-8A78-7D42BAE29150}.Release - Client|Win32.ActiveCfg = Release - Client|x86
		{D3D47B23-C9DC-453A-8A78-7D42BAE29150}.Release - Client|x86.ActiveCfg = Release - Client|x86
		{D3D47B23-C9DC-453A-8A78-7D42BAE29150}.Release - Client|x86.Build.0 = Release - Client|x86
		{D3D47B23-C9DC-453A-8A78-7D42BAE29150}.Release_Demo|Any CPU.ActiveCfg = Release_Demo|x86
		{D3D47B23-C9DC-453A-8A78-7D42BAE29150}.Release_Demo|Mixed Platforms.ActiveCfg = Release_Demo|x86
		{D3D47B23-C9DC-453A-8A78-7D42BAE29150}.Release_Demo|Mixed Platforms.Build.0 = Release_Demo|x86
		{D3D47B23-C9DC-453A-8A78-7D42BAE29150}.Release_Demo|Win32.ActiveCfg = Release_Demo|x86
		{D3D47B23-C9DC-453A-8A78-7D42BAE29150}.Release_Demo|x86.ActiveCfg = Release_Demo|x86
		{D3D47B23-C9DC-453A-8A78-7D42BAE29150}.Release_Demo|x86.Build.0 = Release_Demo|x86
		{D3D47B23-C9DC-453A-8A78-7D42BAE29150}.Release|Any CPU.ActiveCfg = Release|x86
		{D3D47B23-C9DC-453A-8A78-7D42BAE29150}.Release|Any CPU.Build.0 = Release|x86
		{D3D47B23-C9DC-453A-8A78-7D42BAE29150}.Release|Mixed Platforms.ActiveCfg = Release|x86
		{D3D47B23-C9DC-453A-8A78-7D42BAE29150}.Release|Mixed Platforms.Build.0 = Release|x86
		{D3D47B23-C9DC-453A-8A78-7D42BAE29150}.Release|Win32.ActiveCfg = Release|x86
		{D3D47B23-C9DC-453A-8A78-7D42BAE29150}.Release|x86.ActiveCfg = Release|x86
		{D3D47B23-C9DC-453A-8A78-7D42BAE29150}.Release|x86.Build.0 = Release|x86
		{D51BFA91-BEFD-4C4B-ABF8-BEBAD0F733EA}.Debug_Demo_Gtk|Any CPU.ActiveCfg = Debug_Demo_Gtk|Any CPU
		{D51BFA91-BEFD-4C4B-ABF8-BEBAD0F733EA}.Debug_Demo_Gtk|Any CPU.Build.0 = Debug_Demo_Gtk|Any CPU
		{D51BFA91-BEFD-4C4B-ABF8-BEBAD0F733EA}.Debug_Demo_Gtk|Mixed Platforms.ActiveCfg = Debug_Demo_Gtk|Any CPU
		{D51BFA91-BEFD-4C4B-ABF8-BEBAD0F733EA}.Debug_Demo_Gtk|Mixed Platforms.Build.0 = Debug_Demo_Gtk|Any CPU
		{D51BFA91-BEFD-4C4B-ABF8-BEBAD0F733EA}.Debug_Demo_Gtk|Win32.ActiveCfg = Debug_Demo_Gtk|Any CPU
		{D51BFA91-BEFD-4C4B-ABF8-BEBAD0F733EA}.Debug_Demo_Gtk|x86.ActiveCfg = Debug_Demo_Gtk|Any CPU
		{D51BFA91-BEFD-4C4B-ABF8-BEBAD0F733EA}.Debug_Demo|Any CPU.ActiveCfg = Debug_Demo|Any CPU
		{D51BFA91-BEFD-4C4B-ABF8-BEBAD0F733EA}.Debug_Demo|Any CPU.Build.0 = Debug_Demo|Any CPU
		{D51BFA91-BEFD-4C4B-ABF8-BEBAD0F733EA}.Debug_Demo|Mixed Platforms.ActiveCfg = Debug_Demo|Any CPU
		{D51BFA91-BEFD-4C4B-ABF8-BEBAD0F733EA}.Debug_Demo|Mixed Platforms.Build.0 = Debug_Demo|Any CPU
		{D51BFA91-BEFD-4C4B-ABF8-BEBAD0F733EA}.Debug_Demo|Win32.ActiveCfg = Debug_Demo|Any CPU
		{D51BFA91-BEFD-4C4B-ABF8-BEBAD0F733EA}.Debug_Demo|x86.ActiveCfg = Debug_Demo|Any CPU
		{D51BFA91-BEFD-4C4B-ABF8-BEBAD0F733EA}.Debug_Gtk|Any CPU.ActiveCfg = Debug-Gtk|Any CPU
		{D51BFA91-BEFD-4C4B-ABF8-BEBAD0F733EA}.Debug_Gtk|Any CPU.Build.0 = Debug-Gtk|Any CPU
		{D51BFA91-BEFD-4C4B-ABF8-BEBAD0F733EA}.Debug_Gtk|Mixed Platforms.ActiveCfg = Debug-Gtk|Any CPU
		{D51BFA91-BEFD-4C4B-ABF8-BEBAD0F733EA}.Debug_Gtk|Mixed Platforms.Build.0 = Debug-Gtk|Any CPU
		{D51BFA91-BEFD-4C4B-ABF8-BEBAD0F733EA}.Debug_Gtk|Win32.ActiveCfg = Debug-Gtk|Any CPU
		{D51BFA91-BEFD-4C4B-ABF8-BEBAD0F733EA}.Debug_Gtk|x86.ActiveCfg = Debug-Gtk|Any CPU
		{D51BFA91-BEFD-4C4B-ABF8-BEBAD0F733EA}.Debug|Any CPU.ActiveCfg = Debug|Any CPU
		{D51BFA91-BEFD-4C4B-ABF8-BEBAD0F733EA}.Debug|Any CPU.Build.0 = Debug|Any CPU
		{D51BFA91-BEFD-4C4B-ABF8-BEBAD0F733EA}.Debug|Mixed Platforms.ActiveCfg = Debug|Any CPU
		{D51BFA91-BEFD-4C4B-ABF8-BEBAD0F733EA}.Debug|Mixed Platforms.Build.0 = Debug|Any CPU
		{D51BFA91-BEFD-4C4B-ABF8-BEBAD0F733EA}.Debug|Win32.ActiveCfg = Debug|Any CPU
		{D51BFA91-BEFD-4C4B-ABF8-BEBAD0F733EA}.Debug|x86.ActiveCfg = Debug|Any CPU
		{D51BFA91-BEFD-4C4B-ABF8-BEBAD0F733EA}.Release - Client|Any CPU.ActiveCfg = Release - Client|Any CPU
		{D51BFA91-BEFD-4C4B-ABF8-BEBAD0F733EA}.Release - Client|Any CPU.Build.0 = Release - Client|Any CPU
		{D51BFA91-BEFD-4C4B-ABF8-BEBAD0F733EA}.Release - Client|Mixed Platforms.ActiveCfg = Release - Client|Any CPU
		{D51BFA91-BEFD-4C4B-ABF8-BEBAD0F733EA}.Release - Client|Mixed Platforms.Build.0 = Release - Client|Any CPU
		{D51BFA91-BEFD-4C4B-ABF8-BEBAD0F733EA}.Release - Client|Win32.ActiveCfg = Release - Client|Any CPU
		{D51BFA91-BEFD-4C4B-ABF8-BEBAD0F733EA}.Release - Client|x86.ActiveCfg = Release - Client|Any CPU
		{D51BFA91-BEFD-4C4B-ABF8-BEBAD0F733EA}.Release_Demo|Any CPU.ActiveCfg = Release_Demo|Any CPU
		{D51BFA91-BEFD-4C4B-ABF8-BEBAD0F733EA}.Release_Demo|Any CPU.Build.0 = Release_Demo|Any CPU
		{D51BFA91-BEFD-4C4B-ABF8-BEBAD0F733EA}.Release_Demo|Mixed Platforms.ActiveCfg = Release_Demo|Any CPU
		{D51BFA91-BEFD-4C4B-ABF8-BEBAD0F733EA}.Release_Demo|Mixed Platforms.Build.0 = Release_Demo|Any CPU
		{D51BFA91-BEFD-4C4B-ABF8-BEBAD0F733EA}.Release_Demo|Win32.ActiveCfg = Release_Demo|Any CPU
		{D51BFA91-BEFD-4C4B-ABF8-BEBAD0F733EA}.Release_Demo|x86.ActiveCfg = Release_Demo|Any CPU
		{D51BFA91-BEFD-4C4B-ABF8-BEBAD0F733EA}.Release|Any CPU.ActiveCfg = Release|Any CPU
		{D51BFA91-BEFD-4C4B-ABF8-BEBAD0F733EA}.Release|Any CPU.Build.0 = Release|Any CPU
		{D51BFA91-BEFD-4C4B-ABF8-BEBAD0F733EA}.Release|Mixed Platforms.ActiveCfg = Release|Any CPU
		{D51BFA91-BEFD-4C4B-ABF8-BEBAD0F733EA}.Release|Mixed Platforms.Build.0 = Release|Any CPU
		{D51BFA91-BEFD-4C4B-ABF8-BEBAD0F733EA}.Release|Win32.ActiveCfg = Release|Any CPU
		{D51BFA91-BEFD-4C4B-ABF8-BEBAD0F733EA}.Release|x86.ActiveCfg = Release|Any CPU
		{E98126B2-AF17-4783-96B9-856D6744DCA3}.Debug_Demo_Gtk|Any CPU.ActiveCfg = Debug_Demo_Gtk|Any CPU
		{E98126B2-AF17-4783-96B9-856D6744DCA3}.Debug_Demo_Gtk|Mixed Platforms.ActiveCfg = Debug_Demo_Gtk|Any CPU
		{E98126B2-AF17-4783-96B9-856D6744DCA3}.Debug_Demo_Gtk|Mixed Platforms.Build.0 = Debug_Demo_Gtk|Any CPU
		{E98126B2-AF17-4783-96B9-856D6744DCA3}.Debug_Demo_Gtk|Win32.ActiveCfg = Debug_Demo_Gtk|Any CPU
		{E98126B2-AF17-4783-96B9-856D6744DCA3}.Debug_Demo_Gtk|x86.ActiveCfg = Debug_Demo_Gtk|Any CPU
		{E98126B2-AF17-4783-96B9-856D6744DCA3}.Debug_Demo|Any CPU.ActiveCfg = Debug_Demo|Any CPU
		{E98126B2-AF17-4783-96B9-856D6744DCA3}.Debug_Demo|Any CPU.Build.0 = Debug_Demo|Any CPU
		{E98126B2-AF17-4783-96B9-856D6744DCA3}.Debug_Demo|Mixed Platforms.ActiveCfg = Debug_Demo|Any CPU
		{E98126B2-AF17-4783-96B9-856D6744DCA3}.Debug_Demo|Win32.ActiveCfg = Debug_Demo|Any CPU
		{E98126B2-AF17-4783-96B9-856D6744DCA3}.Debug_Demo|x86.ActiveCfg = Debug_Demo|Any CPU
		{E98126B2-AF17-4783-96B9-856D6744DCA3}.Debug_Gtk|Any CPU.ActiveCfg = Debug-Gtk|Any CPU
		{E98126B2-AF17-4783-96B9-856D6744DCA3}.Debug_Gtk|Any CPU.Build.0 = Debug-Gtk|Any CPU
		{E98126B2-AF17-4783-96B9-856D6744DCA3}.Debug_Gtk|Mixed Platforms.ActiveCfg = Debug-Gtk|Any CPU
		{E98126B2-AF17-4783-96B9-856D6744DCA3}.Debug_Gtk|Mixed Platforms.Build.0 = Debug-Gtk|Any CPU
		{E98126B2-AF17-4783-96B9-856D6744DCA3}.Debug_Gtk|Win32.ActiveCfg = Debug-Gtk|Any CPU
		{E98126B2-AF17-4783-96B9-856D6744DCA3}.Debug_Gtk|x86.ActiveCfg = Debug-Gtk|Any CPU
		{E98126B2-AF17-4783-96B9-856D6744DCA3}.Debug|Any CPU.ActiveCfg = Debug|Any CPU
		{E98126B2-AF17-4783-96B9-856D6744DCA3}.Debug|Any CPU.Build.0 = Debug|Any CPU
		{E98126B2-AF17-4783-96B9-856D6744DCA3}.Debug|Mixed Platforms.ActiveCfg = Debug|Any CPU
		{E98126B2-AF17-4783-96B9-856D6744DCA3}.Debug|Mixed Platforms.Build.0 = Debug|Any CPU
		{E98126B2-AF17-4783-96B9-856D6744DCA3}.Debug|Win32.ActiveCfg = Debug|Any CPU
		{E98126B2-AF17-4783-96B9-856D6744DCA3}.Debug|x86.ActiveCfg = Debug|Any CPU
		{E98126B2-AF17-4783-96B9-856D6744DCA3}.Release - Client|Any CPU.ActiveCfg = Release - Client|Any CPU
		{E98126B2-AF17-4783-96B9-856D6744DCA3}.Release - Client|Any CPU.Build.0 = Release - Client|Any CPU
		{E98126B2-AF17-4783-96B9-856D6744DCA3}.Release - Client|Mixed Platforms.ActiveCfg = Release - Client|Any CPU
		{E98126B2-AF17-4783-96B9-856D6744DCA3}.Release - Client|Mixed Platforms.Build.0 = Release - Client|Any CPU
		{E98126B2-AF17-4783-96B9-856D6744DCA3}.Release - Client|Win32.ActiveCfg = Release - Client|Any CPU
		{E98126B2-AF17-4783-96B9-856D6744DCA3}.Release - Client|x86.ActiveCfg = Release - Client|Any CPU
		{E98126B2-AF17-4783-96B9-856D6744DCA3}.Release_Demo|Any CPU.ActiveCfg = Release_Demo|Any CPU
		{E98126B2-AF17-4783-96B9-856D6744DCA3}.Release_Demo|Any CPU.Build.0 = Release_Demo|Any CPU
		{E98126B2-AF17-4783-96B9-856D6744DCA3}.Release_Demo|Mixed Platforms.ActiveCfg = Release_Demo|Any CPU
		{E98126B2-AF17-4783-96B9-856D6744DCA3}.Release_Demo|Win32.ActiveCfg = Release_Demo|Any CPU
		{E98126B2-AF17-4783-96B9-856D6744DCA3}.Release_Demo|x86.ActiveCfg = Release_Demo|Any CPU
		{E98126B2-AF17-4783-96B9-856D6744DCA3}.Release|Any CPU.ActiveCfg = Release|Any CPU
		{E98126B2-AF17-4783-96B9-856D6744DCA3}.Release|Any CPU.Build.0 = Release|Any CPU
		{E98126B2-AF17-4783-96B9-856D6744DCA3}.Release|Mixed Platforms.ActiveCfg = Release|Any CPU
		{E98126B2-AF17-4783-96B9-856D6744DCA3}.Release|Mixed Platforms.Build.0 = Release|Any CPU
		{E98126B2-AF17-4783-96B9-856D6744DCA3}.Release|Win32.ActiveCfg = Release|Any CPU
		{E98126B2-AF17-4783-96B9-856D6744DCA3}.Release|x86.ActiveCfg = Release|Any CPU
	EndGlobalSection
	GlobalSection(NestedProjects) = preSolution
	EndGlobalSection
	GlobalSection(MonoDevelopProperties) = preSolution
		StartupItem = SQL Procedures\SQL Procedures.csproj
	EndGlobalSection
	GlobalSection(SolutionProperties) = preSolution
		HideSolutionNode = FALSE
	EndGlobalSection
EndGlobal
